// !$*UTF8*$!
{
	archiveVersion = 1;
	classes = {
	};
	objectVersion = 56;
	objects = {

/* Begin PBXBuildFile section */
		659AC12E292543B600C80873 /* AppDelegate.swift in Sources */ = {isa = PBXBuildFile; fileRef = 659AC12D292543B600C80873 /* AppDelegate.swift */; };
		659AC130292543B600C80873 /* SceneDelegate.swift in Sources */ = {isa = PBXBuildFile; fileRef = 659AC12F292543B600C80873 /* SceneDelegate.swift */; };
		659AC133292543B600C80873 /* LaunchScreen.storyboard in Resources */ = {isa = PBXBuildFile; fileRef = 659AC131292543B600C80873 /* LaunchScreen.storyboard */; };
		659AC136292543B600C80873 /* Main.storyboard in Resources */ = {isa = PBXBuildFile; fileRef = 659AC134292543B600C80873 /* Main.storyboard */; };
		659AC13F292543B600C80873 /* AppDelegate.swift in Sources */ = {isa = PBXBuildFile; fileRef = 659AC13E292543B600C80873 /* AppDelegate.swift */; };
		659AC142292543B600C80873 /* Main.storyboard in Resources */ = {isa = PBXBuildFile; fileRef = 659AC140292543B600C80873 /* Main.storyboard */; };
		659AC14A292543B600C80873 /* MOCO Zeiterfassung Extension.appex in Embed Foundation Extensions */ = {isa = PBXBuildFile; fileRef = 659AC149292543B600C80873 /* MOCO Zeiterfassung Extension.appex */; settings = {ATTRIBUTES = (RemoveHeadersOnCopy, ); }; };
		659AC154292543B600C80873 /* MOCO Zeiterfassung Extension.appex in Embed Foundation Extensions */ = {isa = PBXBuildFile; fileRef = 659AC153292543B600C80873 /* MOCO Zeiterfassung Extension.appex */; settings = {ATTRIBUTES = (RemoveHeadersOnCopy, ); }; };
		659AC15A292543B600C80873 /* Main.html in Resources */ = {isa = PBXBuildFile; fileRef = 659AC11D292543B400C80873 /* Main.html */; };
		659AC15B292543B600C80873 /* Main.html in Resources */ = {isa = PBXBuildFile; fileRef = 659AC11D292543B400C80873 /* Main.html */; };
		659AC15C292543B600C80873 /* Icon.png in Resources */ = {isa = PBXBuildFile; fileRef = 659AC11F292543B400C80873 /* Icon.png */; };
		659AC15D292543B600C80873 /* Icon.png in Resources */ = {isa = PBXBuildFile; fileRef = 659AC11F292543B400C80873 /* Icon.png */; };
		659AC15E292543B600C80873 /* Style.css in Resources */ = {isa = PBXBuildFile; fileRef = 659AC120292543B400C80873 /* Style.css */; };
		659AC15F292543B600C80873 /* Style.css in Resources */ = {isa = PBXBuildFile; fileRef = 659AC120292543B400C80873 /* Style.css */; };
		659AC160292543B600C80873 /* Script.js in Resources */ = {isa = PBXBuildFile; fileRef = 659AC121292543B400C80873 /* Script.js */; };
		659AC161292543B600C80873 /* Script.js in Resources */ = {isa = PBXBuildFile; fileRef = 659AC121292543B400C80873 /* Script.js */; };
		659AC162292543B600C80873 /* ViewController.swift in Sources */ = {isa = PBXBuildFile; fileRef = 659AC122292543B400C80873 /* ViewController.swift */; };
		659AC163292543B600C80873 /* ViewController.swift in Sources */ = {isa = PBXBuildFile; fileRef = 659AC122292543B400C80873 /* ViewController.swift */; };
		659AC164292543B600C80873 /* Assets.xcassets in Resources */ = {isa = PBXBuildFile; fileRef = 659AC123292543B600C80873 /* Assets.xcassets */; };
		659AC165292543B600C80873 /* Assets.xcassets in Resources */ = {isa = PBXBuildFile; fileRef = 659AC123292543B600C80873 /* Assets.xcassets */; };
		659AC166292543B600C80873 /* SafariWebExtensionHandler.swift in Sources */ = {isa = PBXBuildFile; fileRef = 659AC125292543B600C80873 /* SafariWebExtensionHandler.swift */; };
		659AC167292543B600C80873 /* SafariWebExtensionHandler.swift in Sources */ = {isa = PBXBuildFile; fileRef = 659AC125292543B600C80873 /* SafariWebExtensionHandler.swift */; };
		659AC18A292543B600C80873 /* popup.2.0.1.js.LICENSE.txt in Resources */ = {isa = PBXBuildFile; fileRef = 659AC179292543B600C80873 /* popup.2.0.1.js.LICENSE.txt */; };
		659AC18B292543B600C80873 /* background.2.0.1.js.LICENSE.txt in Resources */ = {isa = PBXBuildFile; fileRef = 659AC17A292543B600C80873 /* background.2.0.1.js.LICENSE.txt */; };
		659AC18C292543B600C80873 /* content.css in Resources */ = {isa = PBXBuildFile; fileRef = 659AC17B292543B600C80873 /* content.css */; };
		659AC18D292543B600C80873 /* popup.html in Resources */ = {isa = PBXBuildFile; fileRef = 659AC17C292543B600C80873 /* popup.html */; };
		659AC18E292543B600C80873 /* content.2.0.1.js.LICENSE.txt in Resources */ = {isa = PBXBuildFile; fileRef = 659AC17D292543B600C80873 /* content.2.0.1.js.LICENSE.txt */; };
		659AC18F292543B600C80873 /* background.2.0.1.js in Resources */ = {isa = PBXBuildFile; fileRef = 659AC17E292543B600C80873 /* background.2.0.1.js */; };
		659AC190292543B600C80873 /* content.2.0.1.js in Resources */ = {isa = PBXBuildFile; fileRef = 659AC17F292543B600C80873 /* content.2.0.1.js */; };
		659AC191292543B600C80873 /* options.2.0.1.js in Resources */ = {isa = PBXBuildFile; fileRef = 659AC180292543B600C80873 /* options.2.0.1.js */; };
		659AC192292543B600C80873 /* manifest.json in Resources */ = {isa = PBXBuildFile; fileRef = 659AC181292543B600C80873 /* manifest.json */; };
		659AC193292543B600C80873 /* options.html in Resources */ = {isa = PBXBuildFile; fileRef = 659AC182292543B600C80873 /* options.html */; };
		659AC194292543B600C80873 /* options.2.0.1.js.LICENSE.txt in Resources */ = {isa = PBXBuildFile; fileRef = 659AC183292543B600C80873 /* options.2.0.1.js.LICENSE.txt */; };
		659AC195292543B600C80873 /* background.html in Resources */ = {isa = PBXBuildFile; fileRef = 659AC184292543B600C80873 /* background.html */; };
		659AC196292543B600C80873 /* popup.css in Resources */ = {isa = PBXBuildFile; fileRef = 659AC185292543B600C80873 /* popup.css */; };
		659AC197292543B600C80873 /* popup.2.0.1.js in Resources */ = {isa = PBXBuildFile; fileRef = 659AC186292543B600C80873 /* popup.2.0.1.js */; };
		659AC198292543B600C80873 /* options.css in Resources */ = {isa = PBXBuildFile; fileRef = 659AC187292543B600C80873 /* options.css */; };
		659AC199292543B600C80873 /* moco-bx-safari-v2.0.1.zip in Resources */ = {isa = PBXBuildFile; fileRef = 659AC188292543B600C80873 /* moco-bx-safari-v2.0.1.zip */; };
		659AC19A292543B600C80873 /* src in Resources */ = {isa = PBXBuildFile; fileRef = 659AC189292543B600C80873 /* src */; };
		659AC19B292543B600C80873 /* popup.2.0.1.js.LICENSE.txt in Resources */ = {isa = PBXBuildFile; fileRef = 659AC179292543B600C80873 /* popup.2.0.1.js.LICENSE.txt */; };
		659AC19C292543B600C80873 /* background.2.0.1.js.LICENSE.txt in Resources */ = {isa = PBXBuildFile; fileRef = 659AC17A292543B600C80873 /* background.2.0.1.js.LICENSE.txt */; };
		659AC19D292543B600C80873 /* content.css in Resources */ = {isa = PBXBuildFile; fileRef = 659AC17B292543B600C80873 /* content.css */; };
		659AC19E292543B600C80873 /* popup.html in Resources */ = {isa = PBXBuildFile; fileRef = 659AC17C292543B600C80873 /* popup.html */; };
		659AC19F292543B600C80873 /* content.2.0.1.js.LICENSE.txt in Resources */ = {isa = PBXBuildFile; fileRef = 659AC17D292543B600C80873 /* content.2.0.1.js.LICENSE.txt */; };
		659AC1A0292543B600C80873 /* background.2.0.1.js in Resources */ = {isa = PBXBuildFile; fileRef = 659AC17E292543B600C80873 /* background.2.0.1.js */; };
		659AC1A1292543B600C80873 /* content.2.0.1.js in Resources */ = {isa = PBXBuildFile; fileRef = 659AC17F292543B600C80873 /* content.2.0.1.js */; };
		659AC1A2292543B600C80873 /* options.2.0.1.js in Resources */ = {isa = PBXBuildFile; fileRef = 659AC180292543B600C80873 /* options.2.0.1.js */; };
		659AC1A3292543B600C80873 /* manifest.json in Resources */ = {isa = PBXBuildFile; fileRef = 659AC181292543B600C80873 /* manifest.json */; };
		659AC1A4292543B600C80873 /* options.html in Resources */ = {isa = PBXBuildFile; fileRef = 659AC182292543B600C80873 /* options.html */; };
		659AC1A5292543B600C80873 /* options.2.0.1.js.LICENSE.txt in Resources */ = {isa = PBXBuildFile; fileRef = 659AC183292543B600C80873 /* options.2.0.1.js.LICENSE.txt */; };
		659AC1A6292543B600C80873 /* background.html in Resources */ = {isa = PBXBuildFile; fileRef = 659AC184292543B600C80873 /* background.html */; };
		659AC1A7292543B600C80873 /* popup.css in Resources */ = {isa = PBXBuildFile; fileRef = 659AC185292543B600C80873 /* popup.css */; };
		659AC1A8292543B600C80873 /* popup.2.0.1.js in Resources */ = {isa = PBXBuildFile; fileRef = 659AC186292543B600C80873 /* popup.2.0.1.js */; };
		659AC1A9292543B600C80873 /* options.css in Resources */ = {isa = PBXBuildFile; fileRef = 659AC187292543B600C80873 /* options.css */; };
		659AC1AA292543B600C80873 /* moco-bx-safari-v2.0.1.zip in Resources */ = {isa = PBXBuildFile; fileRef = 659AC188292543B600C80873 /* moco-bx-safari-v2.0.1.zip */; };
		659AC1AB292543B600C80873 /* src in Resources */ = {isa = PBXBuildFile; fileRef = 659AC189292543B600C80873 /* src */; };
/* End PBXBuildFile section */

/* Begin PBXContainerItemProxy section */
		659AC14B292543B600C80873 /* PBXContainerItemProxy */ = {
			isa = PBXContainerItemProxy;
			containerPortal = 659AC117292543B400C80873 /* Project object */;
			proxyType = 1;
			remoteGlobalIDString = 659AC148292543B600C80873;
			remoteInfo = "MOCO Zeiterfassung Extension (iOS)";
		};
		659AC155292543B600C80873 /* PBXContainerItemProxy */ = {
			isa = PBXContainerItemProxy;
			containerPortal = 659AC117292543B400C80873 /* Project object */;
			proxyType = 1;
			remoteGlobalIDString = 659AC152292543B600C80873;
			remoteInfo = "MOCO Zeiterfassung Extension (macOS)";
		};
/* End PBXContainerItemProxy section */

/* Begin PBXCopyFilesBuildPhase section */
		659AC16D292543B600C80873 /* Embed Foundation Extensions */ = {
			isa = PBXCopyFilesBuildPhase;
			buildActionMask = 2147483647;
			dstPath = "";
			dstSubfolderSpec = 13;
			files = (
				659AC14A292543B600C80873 /* MOCO Zeiterfassung Extension.appex in Embed Foundation Extensions */,
			);
			name = "Embed Foundation Extensions";
			runOnlyForDeploymentPostprocessing = 0;
		};
		659AC174292543B600C80873 /* Embed Foundation Extensions */ = {
			isa = PBXCopyFilesBuildPhase;
			buildActionMask = 2147483647;
			dstPath = "";
			dstSubfolderSpec = 13;
			files = (
				659AC154292543B600C80873 /* MOCO Zeiterfassung Extension.appex in Embed Foundation Extensions */,
			);
			name = "Embed Foundation Extensions";
			runOnlyForDeploymentPostprocessing = 0;
		};
/* End PBXCopyFilesBuildPhase section */

/* Begin PBXFileReference section */
		659AC11E292543B400C80873 /* Base */ = {isa = PBXFileReference; lastKnownFileType = text.html; name = Base; path = ../Base.lproj/Main.html; sourceTree = "<group>"; };
		659AC11F292543B400C80873 /* Icon.png */ = {isa = PBXFileReference; lastKnownFileType = image.png; path = Icon.png; sourceTree = "<group>"; };
		659AC120292543B400C80873 /* Style.css */ = {isa = PBXFileReference; lastKnownFileType = text.css; path = Style.css; sourceTree = "<group>"; };
		659AC121292543B400C80873 /* Script.js */ = {isa = PBXFileReference; lastKnownFileType = sourcecode.javascript; path = Script.js; sourceTree = "<group>"; };
		659AC122292543B400C80873 /* ViewController.swift */ = {isa = PBXFileReference; lastKnownFileType = sourcecode.swift; path = ViewController.swift; sourceTree = "<group>"; };
		659AC123292543B600C80873 /* Assets.xcassets */ = {isa = PBXFileReference; lastKnownFileType = folder.assetcatalog; path = Assets.xcassets; sourceTree = "<group>"; };
		659AC125292543B600C80873 /* SafariWebExtensionHandler.swift */ = {isa = PBXFileReference; lastKnownFileType = sourcecode.swift; path = SafariWebExtensionHandler.swift; sourceTree = "<group>"; };
		659AC12A292543B600C80873 /* MOCO Zeiterfassung.app */ = {isa = PBXFileReference; explicitFileType = wrapper.application; includeInIndex = 0; path = "MOCO Zeiterfassung.app"; sourceTree = BUILT_PRODUCTS_DIR; };
		659AC12D292543B600C80873 /* AppDelegate.swift */ = {isa = PBXFileReference; lastKnownFileType = sourcecode.swift; path = AppDelegate.swift; sourceTree = "<group>"; };
		659AC12F292543B600C80873 /* SceneDelegate.swift */ = {isa = PBXFileReference; lastKnownFileType = sourcecode.swift; path = SceneDelegate.swift; sourceTree = "<group>"; };
		659AC132292543B600C80873 /* Base */ = {isa = PBXFileReference; lastKnownFileType = file.storyboard; name = Base; path = Base.lproj/LaunchScreen.storyboard; sourceTree = "<group>"; };
		659AC135292543B600C80873 /* Base */ = {isa = PBXFileReference; lastKnownFileType = file.storyboard; name = Base; path = Base.lproj/Main.storyboard; sourceTree = "<group>"; };
		659AC137292543B600C80873 /* Info.plist */ = {isa = PBXFileReference; lastKnownFileType = text.plist.xml; path = Info.plist; sourceTree = "<group>"; };
		659AC13C292543B600C80873 /* MOCO Zeiterfassung.app */ = {isa = PBXFileReference; explicitFileType = wrapper.application; includeInIndex = 0; path = "MOCO Zeiterfassung.app"; sourceTree = BUILT_PRODUCTS_DIR; };
		659AC13E292543B600C80873 /* AppDelegate.swift */ = {isa = PBXFileReference; lastKnownFileType = sourcecode.swift; path = AppDelegate.swift; sourceTree = "<group>"; };
		659AC141292543B600C80873 /* Base */ = {isa = PBXFileReference; lastKnownFileType = file.storyboard; name = Base; path = Base.lproj/Main.storyboard; sourceTree = "<group>"; };
		659AC143292543B600C80873 /* Info.plist */ = {isa = PBXFileReference; lastKnownFileType = text.plist.xml; path = Info.plist; sourceTree = "<group>"; };
		659AC144292543B600C80873 /* MOCO Zeiterfassung.entitlements */ = {isa = PBXFileReference; lastKnownFileType = text.plist.entitlements; path = "MOCO Zeiterfassung.entitlements"; sourceTree = "<group>"; };
		659AC149292543B600C80873 /* MOCO Zeiterfassung Extension.appex */ = {isa = PBXFileReference; explicitFileType = "wrapper.app-extension"; includeInIndex = 0; path = "MOCO Zeiterfassung Extension.appex"; sourceTree = BUILT_PRODUCTS_DIR; };
		659AC14E292543B600C80873 /* Info.plist */ = {isa = PBXFileReference; lastKnownFileType = text.plist.xml; path = Info.plist; sourceTree = "<group>"; };
		659AC153292543B600C80873 /* MOCO Zeiterfassung Extension.appex */ = {isa = PBXFileReference; explicitFileType = "wrapper.app-extension"; includeInIndex = 0; path = "MOCO Zeiterfassung Extension.appex"; sourceTree = BUILT_PRODUCTS_DIR; };
		659AC158292543B600C80873 /* Info.plist */ = {isa = PBXFileReference; lastKnownFileType = text.plist.xml; path = Info.plist; sourceTree = "<group>"; };
		659AC159292543B600C80873 /* MOCO Zeiterfassung.entitlements */ = {isa = PBXFileReference; lastKnownFileType = text.plist.entitlements; path = "MOCO Zeiterfassung.entitlements"; sourceTree = "<group>"; };
		659AC179292543B600C80873 /* popup.2.0.1.js.LICENSE.txt */ = {isa = PBXFileReference; lastKnownFileType = text; name = popup.2.0.1.js.LICENSE.txt; path = ../../../../build/safari/popup.2.0.1.js.LICENSE.txt; sourceTree = "<group>"; };
		659AC17A292543B600C80873 /* background.2.0.1.js.LICENSE.txt */ = {isa = PBXFileReference; lastKnownFileType = text; name = background.2.0.1.js.LICENSE.txt; path = ../../../../build/safari/background.2.0.1.js.LICENSE.txt; sourceTree = "<group>"; };
		659AC17B292543B600C80873 /* content.css */ = {isa = PBXFileReference; lastKnownFileType = text.css; name = content.css; path = ../../../../build/safari/content.css; sourceTree = "<group>"; };
		659AC17C292543B600C80873 /* popup.html */ = {isa = PBXFileReference; lastKnownFileType = text.html; name = popup.html; path = ../../../../build/safari/popup.html; sourceTree = "<group>"; };
		659AC17D292543B600C80873 /* content.2.0.1.js.LICENSE.txt */ = {isa = PBXFileReference; lastKnownFileType = text; name = content.2.0.1.js.LICENSE.txt; path = ../../../../build/safari/content.2.0.1.js.LICENSE.txt; sourceTree = "<group>"; };
		659AC17E292543B600C80873 /* background.2.0.1.js */ = {isa = PBXFileReference; lastKnownFileType = sourcecode.javascript; name = background.2.0.1.js; path = ../../../../build/safari/background.2.0.1.js; sourceTree = "<group>"; };
		659AC17F292543B600C80873 /* content.2.0.1.js */ = {isa = PBXFileReference; lastKnownFileType = sourcecode.javascript; name = content.2.0.1.js; path = ../../../../build/safari/content.2.0.1.js; sourceTree = "<group>"; };
		659AC180292543B600C80873 /* options.2.0.1.js */ = {isa = PBXFileReference; lastKnownFileType = sourcecode.javascript; name = options.2.0.1.js; path = ../../../../build/safari/options.2.0.1.js; sourceTree = "<group>"; };
		659AC181292543B600C80873 /* manifest.json */ = {isa = PBXFileReference; lastKnownFileType = text.json; name = manifest.json; path = ../../../../build/safari/manifest.json; sourceTree = "<group>"; };
		659AC182292543B600C80873 /* options.html */ = {isa = PBXFileReference; lastKnownFileType = text.html; name = options.html; path = ../../../../build/safari/options.html; sourceTree = "<group>"; };
		659AC183292543B600C80873 /* options.2.0.1.js.LICENSE.txt */ = {isa = PBXFileReference; lastKnownFileType = text; name = options.2.0.1.js.LICENSE.txt; path = ../../../../build/safari/options.2.0.1.js.LICENSE.txt; sourceTree = "<group>"; };
		659AC184292543B600C80873 /* background.html */ = {isa = PBXFileReference; lastKnownFileType = text.html; name = background.html; path = ../../../../build/safari/background.html; sourceTree = "<group>"; };
		659AC185292543B600C80873 /* popup.css */ = {isa = PBXFileReference; lastKnownFileType = text.css; name = popup.css; path = ../../../../build/safari/popup.css; sourceTree = "<group>"; };
		659AC186292543B600C80873 /* popup.2.0.1.js */ = {isa = PBXFileReference; lastKnownFileType = sourcecode.javascript; name = popup.2.0.1.js; path = ../../../../build/safari/popup.2.0.1.js; sourceTree = "<group>"; };
		659AC187292543B600C80873 /* options.css */ = {isa = PBXFileReference; lastKnownFileType = text.css; name = options.css; path = ../../../../build/safari/options.css; sourceTree = "<group>"; };
		659AC188292543B600C80873 /* moco-bx-safari-v2.0.1.zip */ = {isa = PBXFileReference; lastKnownFileType = archive.zip; name = "moco-bx-safari-v2.0.1.zip"; path = "../../../../build/safari/moco-bx-safari-v2.0.1.zip"; sourceTree = "<group>"; };
		659AC189292543B600C80873 /* src */ = {isa = PBXFileReference; lastKnownFileType = folder; name = src; path = ../../../../build/safari/src; sourceTree = "<group>"; };
/* End PBXFileReference section */

/* Begin PBXFrameworksBuildPhase section */
		659AC127292543B600C80873 /* Frameworks */ = {
			isa = PBXFrameworksBuildPhase;
			buildActionMask = 2147483647;
			files = (
			);
			runOnlyForDeploymentPostprocessing = 0;
		};
		659AC139292543B600C80873 /* Frameworks */ = {
			isa = PBXFrameworksBuildPhase;
			buildActionMask = 2147483647;
			files = (
			);
			runOnlyForDeploymentPostprocessing = 0;
		};
		659AC146292543B600C80873 /* Frameworks */ = {
			isa = PBXFrameworksBuildPhase;
			buildActionMask = 2147483647;
			files = (
			);
			runOnlyForDeploymentPostprocessing = 0;
		};
		659AC150292543B600C80873 /* Frameworks */ = {
			isa = PBXFrameworksBuildPhase;
			buildActionMask = 2147483647;
			files = (
			);
			runOnlyForDeploymentPostprocessing = 0;
		};
/* End PBXFrameworksBuildPhase section */

/* Begin PBXGroup section */
		659AC116292543B400C80873 = {
			isa = PBXGroup;
			children = (
				659AC11B292543B400C80873 /* Shared (App) */,
				659AC124292543B600C80873 /* Shared (Extension) */,
				659AC12C292543B600C80873 /* iOS (App) */,
				659AC13D292543B600C80873 /* macOS (App) */,
				659AC14D292543B600C80873 /* iOS (Extension) */,
				659AC157292543B600C80873 /* macOS (Extension) */,
				659AC12B292543B600C80873 /* Products */,
			);
			sourceTree = "<group>";
		};
		659AC11B292543B400C80873 /* Shared (App) */ = {
			isa = PBXGroup;
			children = (
				659AC122292543B400C80873 /* ViewController.swift */,
				659AC123292543B600C80873 /* Assets.xcassets */,
				659AC11C292543B400C80873 /* Resources */,
			);
			path = "Shared (App)";
			sourceTree = "<group>";
		};
		659AC11C292543B400C80873 /* Resources */ = {
			isa = PBXGroup;
			children = (
				659AC11D292543B400C80873 /* Main.html */,
				659AC11F292543B400C80873 /* Icon.png */,
				659AC120292543B400C80873 /* Style.css */,
				659AC121292543B400C80873 /* Script.js */,
			);
			path = Resources;
			sourceTree = "<group>";
		};
		659AC124292543B600C80873 /* Shared (Extension) */ = {
			isa = PBXGroup;
			children = (
				659AC178292543B600C80873 /* Resources */,
				659AC125292543B600C80873 /* SafariWebExtensionHandler.swift */,
			);
			path = "Shared (Extension)";
			sourceTree = "<group>";
		};
		659AC12B292543B600C80873 /* Products */ = {
			isa = PBXGroup;
			children = (
				659AC12A292543B600C80873 /* MOCO Zeiterfassung.app */,
				659AC13C292543B600C80873 /* MOCO Zeiterfassung.app */,
				659AC149292543B600C80873 /* MOCO Zeiterfassung Extension.appex */,
				659AC153292543B600C80873 /* MOCO Zeiterfassung Extension.appex */,
			);
			name = Products;
			sourceTree = "<group>";
		};
		659AC12C292543B600C80873 /* iOS (App) */ = {
			isa = PBXGroup;
			children = (
				659AC12D292543B600C80873 /* AppDelegate.swift */,
				659AC12F292543B600C80873 /* SceneDelegate.swift */,
				659AC131292543B600C80873 /* LaunchScreen.storyboard */,
				659AC134292543B600C80873 /* Main.storyboard */,
				659AC137292543B600C80873 /* Info.plist */,
			);
			path = "iOS (App)";
			sourceTree = "<group>";
		};
		659AC13D292543B600C80873 /* macOS (App) */ = {
			isa = PBXGroup;
			children = (
				659AC13E292543B600C80873 /* AppDelegate.swift */,
				659AC140292543B600C80873 /* Main.storyboard */,
				659AC143292543B600C80873 /* Info.plist */,
				659AC144292543B600C80873 /* MOCO Zeiterfassung.entitlements */,
			);
			path = "macOS (App)";
			sourceTree = "<group>";
		};
		659AC14D292543B600C80873 /* iOS (Extension) */ = {
			isa = PBXGroup;
			children = (
				659AC14E292543B600C80873 /* Info.plist */,
			);
			path = "iOS (Extension)";
			sourceTree = "<group>";
		};
		659AC157292543B600C80873 /* macOS (Extension) */ = {
			isa = PBXGroup;
			children = (
				659AC158292543B600C80873 /* Info.plist */,
				659AC159292543B600C80873 /* MOCO Zeiterfassung.entitlements */,
			);
			path = "macOS (Extension)";
			sourceTree = "<group>";
		};
		659AC178292543B600C80873 /* Resources */ = {
			isa = PBXGroup;
			children = (
				659AC179292543B600C80873 /* popup.2.0.1.js.LICENSE.txt */,
				659AC17A292543B600C80873 /* background.2.0.1.js.LICENSE.txt */,
				659AC17B292543B600C80873 /* content.css */,
				659AC17C292543B600C80873 /* popup.html */,
				659AC17D292543B600C80873 /* content.2.0.1.js.LICENSE.txt */,
				659AC17E292543B600C80873 /* background.2.0.1.js */,
				659AC17F292543B600C80873 /* content.2.0.1.js */,
				659AC180292543B600C80873 /* options.2.0.1.js */,
				659AC181292543B600C80873 /* manifest.json */,
				659AC182292543B600C80873 /* options.html */,
				659AC183292543B600C80873 /* options.2.0.1.js.LICENSE.txt */,
				659AC184292543B600C80873 /* background.html */,
				659AC185292543B600C80873 /* popup.css */,
				659AC186292543B600C80873 /* popup.2.0.1.js */,
				659AC187292543B600C80873 /* options.css */,
				659AC188292543B600C80873 /* moco-bx-safari-v2.0.1.zip */,
				659AC189292543B600C80873 /* src */,
			);
			name = Resources;
			path = "Shared (Extension)";
			sourceTree = SOURCE_ROOT;
		};
/* End PBXGroup section */

/* Begin PBXNativeTarget section */
		659AC129292543B600C80873 /* MOCO Zeiterfassung (iOS) */ = {
			isa = PBXNativeTarget;
			buildConfigurationList = 659AC16E292543B600C80873 /* Build configuration list for PBXNativeTarget "MOCO Zeiterfassung (iOS)" */;
			buildPhases = (
				659AC126292543B600C80873 /* Sources */,
				659AC127292543B600C80873 /* Frameworks */,
				659AC128292543B600C80873 /* Resources */,
				659AC16D292543B600C80873 /* Embed Foundation Extensions */,
			);
			buildRules = (
			);
			dependencies = (
				659AC14C292543B600C80873 /* PBXTargetDependency */,
			);
			name = "MOCO Zeiterfassung (iOS)";
			productName = "MOCO Zeiterfassung (iOS)";
			productReference = 659AC12A292543B600C80873 /* MOCO Zeiterfassung.app */;
			productType = "com.apple.product-type.application";
		};
		659AC13B292543B600C80873 /* MOCO Zeiterfassung (macOS) */ = {
			isa = PBXNativeTarget;
			buildConfigurationList = 659AC175292543B600C80873 /* Build configuration list for PBXNativeTarget "MOCO Zeiterfassung (macOS)" */;
			buildPhases = (
				659AC138292543B600C80873 /* Sources */,
				659AC139292543B600C80873 /* Frameworks */,
				659AC13A292543B600C80873 /* Resources */,
				659AC174292543B600C80873 /* Embed Foundation Extensions */,
			);
			buildRules = (
			);
			dependencies = (
				659AC156292543B600C80873 /* PBXTargetDependency */,
			);
			name = "MOCO Zeiterfassung (macOS)";
			productName = "MOCO Zeiterfassung (macOS)";
			productReference = 659AC13C292543B600C80873 /* MOCO Zeiterfassung.app */;
			productType = "com.apple.product-type.application";
		};
		659AC148292543B600C80873 /* MOCO Zeiterfassung Extension (iOS) */ = {
			isa = PBXNativeTarget;
			buildConfigurationList = 659AC16A292543B600C80873 /* Build configuration list for PBXNativeTarget "MOCO Zeiterfassung Extension (iOS)" */;
			buildPhases = (
				659AC145292543B600C80873 /* Sources */,
				659AC146292543B600C80873 /* Frameworks */,
				659AC147292543B600C80873 /* Resources */,
			);
			buildRules = (
			);
			dependencies = (
			);
			name = "MOCO Zeiterfassung Extension (iOS)";
			productName = "MOCO Zeiterfassung Extension (iOS)";
			productReference = 659AC149292543B600C80873 /* MOCO Zeiterfassung Extension.appex */;
			productType = "com.apple.product-type.app-extension";
		};
		659AC152292543B600C80873 /* MOCO Zeiterfassung Extension (macOS) */ = {
			isa = PBXNativeTarget;
			buildConfigurationList = 659AC171292543B600C80873 /* Build configuration list for PBXNativeTarget "MOCO Zeiterfassung Extension (macOS)" */;
			buildPhases = (
				659AC14F292543B600C80873 /* Sources */,
				659AC150292543B600C80873 /* Frameworks */,
				659AC151292543B600C80873 /* Resources */,
			);
			buildRules = (
			);
			dependencies = (
			);
			name = "MOCO Zeiterfassung Extension (macOS)";
			productName = "MOCO Zeiterfassung Extension (macOS)";
			productReference = 659AC153292543B600C80873 /* MOCO Zeiterfassung Extension.appex */;
			productType = "com.apple.product-type.app-extension";
		};
/* End PBXNativeTarget section */

/* Begin PBXProject section */
		659AC117292543B400C80873 /* Project object */ = {
			isa = PBXProject;
			attributes = {
				BuildIndependentTargetsInParallel = 1;
				LastSwiftUpdateCheck = 1410;
				LastUpgradeCheck = 1410;
				TargetAttributes = {
					659AC129292543B600C80873 = {
						CreatedOnToolsVersion = 14.1;
					};
					659AC13B292543B600C80873 = {
						CreatedOnToolsVersion = 14.1;
					};
					659AC148292543B600C80873 = {
						CreatedOnToolsVersion = 14.1;
					};
					659AC152292543B600C80873 = {
						CreatedOnToolsVersion = 14.1;
					};
				};
			};
			buildConfigurationList = 659AC11A292543B400C80873 /* Build configuration list for PBXProject "MOCO Zeiterfassung" */;
			compatibilityVersion = "Xcode 14.0";
			developmentRegion = en;
			hasScannedForEncodings = 0;
			knownRegions = (
				en,
				Base,
			);
			mainGroup = 659AC116292543B400C80873;
			productRefGroup = 659AC12B292543B600C80873 /* Products */;
			projectDirPath = "";
			projectRoot = "";
			targets = (
				659AC129292543B600C80873 /* MOCO Zeiterfassung (iOS) */,
				659AC13B292543B600C80873 /* MOCO Zeiterfassung (macOS) */,
				659AC148292543B600C80873 /* MOCO Zeiterfassung Extension (iOS) */,
				659AC152292543B600C80873 /* MOCO Zeiterfassung Extension (macOS) */,
			);
		};
/* End PBXProject section */

/* Begin PBXResourcesBuildPhase section */
		659AC128292543B600C80873 /* Resources */ = {
			isa = PBXResourcesBuildPhase;
			buildActionMask = 2147483647;
			files = (
				659AC15C292543B600C80873 /* Icon.png in Resources */,
				659AC133292543B600C80873 /* LaunchScreen.storyboard in Resources */,
				659AC15A292543B600C80873 /* Main.html in Resources */,
				659AC160292543B600C80873 /* Script.js in Resources */,
				659AC164292543B600C80873 /* Assets.xcassets in Resources */,
				659AC136292543B600C80873 /* Main.storyboard in Resources */,
				659AC15E292543B600C80873 /* Style.css in Resources */,
			);
			runOnlyForDeploymentPostprocessing = 0;
		};
		659AC13A292543B600C80873 /* Resources */ = {
			isa = PBXResourcesBuildPhase;
			buildActionMask = 2147483647;
			files = (
				659AC15D292543B600C80873 /* Icon.png in Resources */,
				659AC15F292543B600C80873 /* Style.css in Resources */,
				659AC142292543B600C80873 /* Main.storyboard in Resources */,
				659AC161292543B600C80873 /* Script.js in Resources */,
				659AC165292543B600C80873 /* Assets.xcassets in Resources */,
				659AC15B292543B600C80873 /* Main.html in Resources */,
			);
			runOnlyForDeploymentPostprocessing = 0;
		};
		659AC147292543B600C80873 /* Resources */ = {
			isa = PBXResourcesBuildPhase;
			buildActionMask = 2147483647;
			files = (
				659AC19D292543B600C80873 /* content.css in Resources */,
				659AC1A0292543B600C80873 /* background.2.0.1.js in Resources */,
				659AC1A9292543B600C80873 /* options.css in Resources */,
				659AC19E292543B600C80873 /* popup.html in Resources */,
				659AC1AA292543B600C80873 /* moco-bx-safari-v2.0.1.zip in Resources */,
				659AC19F292543B600C80873 /* content.2.0.1.js.LICENSE.txt in Resources */,
				659AC1AB292543B600C80873 /* src in Resources */,
				659AC1A5292543B600C80873 /* options.2.0.1.js.LICENSE.txt in Resources */,
				659AC1A3292543B600C80873 /* manifest.json in Resources */,
				659AC1A8292543B600C80873 /* popup.2.0.1.js in Resources */,
				659AC1A2292543B600C80873 /* options.2.0.1.js in Resources */,
				659AC19C292543B600C80873 /* background.2.0.1.js.LICENSE.txt in Resources */,
				659AC1A4292543B600C80873 /* options.html in Resources */,
				659AC19B292543B600C80873 /* popup.2.0.1.js.LICENSE.txt in Resources */,
				659AC1A6292543B600C80873 /* background.html in Resources */,
				659AC1A1292543B600C80873 /* content.2.0.1.js in Resources */,
				659AC1A7292543B600C80873 /* popup.css in Resources */,
			);
			runOnlyForDeploymentPostprocessing = 0;
		};
		659AC151292543B600C80873 /* Resources */ = {
			isa = PBXResourcesBuildPhase;
			buildActionMask = 2147483647;
			files = (
				659AC18C292543B600C80873 /* content.css in Resources */,
				659AC18F292543B600C80873 /* background.2.0.1.js in Resources */,
				659AC198292543B600C80873 /* options.css in Resources */,
				659AC18D292543B600C80873 /* popup.html in Resources */,
				659AC199292543B600C80873 /* moco-bx-safari-v2.0.1.zip in Resources */,
				659AC18E292543B600C80873 /* content.2.0.1.js.LICENSE.txt in Resources */,
				659AC19A292543B600C80873 /* src in Resources */,
				659AC194292543B600C80873 /* options.2.0.1.js.LICENSE.txt in Resources */,
				659AC192292543B600C80873 /* manifest.json in Resources */,
				659AC197292543B600C80873 /* popup.2.0.1.js in Resources */,
				659AC191292543B600C80873 /* options.2.0.1.js in Resources */,
				659AC18B292543B600C80873 /* background.2.0.1.js.LICENSE.txt in Resources */,
				659AC193292543B600C80873 /* options.html in Resources */,
				659AC18A292543B600C80873 /* popup.2.0.1.js.LICENSE.txt in Resources */,
				659AC195292543B600C80873 /* background.html in Resources */,
				659AC190292543B600C80873 /* content.2.0.1.js in Resources */,
				659AC196292543B600C80873 /* popup.css in Resources */,
			);
			runOnlyForDeploymentPostprocessing = 0;
		};
/* End PBXResourcesBuildPhase section */

/* Begin PBXSourcesBuildPhase section */
		659AC126292543B600C80873 /* Sources */ = {
			isa = PBXSourcesBuildPhase;
			buildActionMask = 2147483647;
			files = (
				659AC162292543B600C80873 /* ViewController.swift in Sources */,
				659AC12E292543B600C80873 /* AppDelegate.swift in Sources */,
				659AC130292543B600C80873 /* SceneDelegate.swift in Sources */,
			);
			runOnlyForDeploymentPostprocessing = 0;
		};
		659AC138292543B600C80873 /* Sources */ = {
			isa = PBXSourcesBuildPhase;
			buildActionMask = 2147483647;
			files = (
				659AC163292543B600C80873 /* ViewController.swift in Sources */,
				659AC13F292543B600C80873 /* AppDelegate.swift in Sources */,
			);
			runOnlyForDeploymentPostprocessing = 0;
		};
		659AC145292543B600C80873 /* Sources */ = {
			isa = PBXSourcesBuildPhase;
			buildActionMask = 2147483647;
			files = (
				659AC166292543B600C80873 /* SafariWebExtensionHandler.swift in Sources */,
			);
			runOnlyForDeploymentPostprocessing = 0;
		};
		659AC14F292543B600C80873 /* Sources */ = {
			isa = PBXSourcesBuildPhase;
			buildActionMask = 2147483647;
			files = (
				659AC167292543B600C80873 /* SafariWebExtensionHandler.swift in Sources */,
			);
			runOnlyForDeploymentPostprocessing = 0;
		};
/* End PBXSourcesBuildPhase section */

/* Begin PBXTargetDependency section */
		659AC14C292543B600C80873 /* PBXTargetDependency */ = {
			isa = PBXTargetDependency;
			target = 659AC148292543B600C80873 /* MOCO Zeiterfassung Extension (iOS) */;
			targetProxy = 659AC14B292543B600C80873 /* PBXContainerItemProxy */;
		};
		659AC156292543B600C80873 /* PBXTargetDependency */ = {
			isa = PBXTargetDependency;
			target = 659AC152292543B600C80873 /* MOCO Zeiterfassung Extension (macOS) */;
			targetProxy = 659AC155292543B600C80873 /* PBXContainerItemProxy */;
		};
/* End PBXTargetDependency section */

/* Begin PBXVariantGroup section */
		659AC11D292543B400C80873 /* Main.html */ = {
			isa = PBXVariantGroup;
			children = (
				659AC11E292543B400C80873 /* Base */,
			);
			name = Main.html;
			sourceTree = "<group>";
		};
		659AC131292543B600C80873 /* LaunchScreen.storyboard */ = {
			isa = PBXVariantGroup;
			children = (
				659AC132292543B600C80873 /* Base */,
			);
			name = LaunchScreen.storyboard;
			sourceTree = "<group>";
		};
		659AC134292543B600C80873 /* Main.storyboard */ = {
			isa = PBXVariantGroup;
			children = (
				659AC135292543B600C80873 /* Base */,
			);
			name = Main.storyboard;
			sourceTree = "<group>";
		};
		659AC140292543B600C80873 /* Main.storyboard */ = {
			isa = PBXVariantGroup;
			children = (
				659AC141292543B600C80873 /* Base */,
			);
			name = Main.storyboard;
			sourceTree = "<group>";
		};
/* End PBXVariantGroup section */

/* Begin XCBuildConfiguration section */
		659AC168292543B600C80873 /* Debug */ = {
			isa = XCBuildConfiguration;
			buildSettings = {
				ALWAYS_SEARCH_USER_PATHS = NO;
				CLANG_ANALYZER_NONNULL = YES;
				CLANG_ANALYZER_NUMBER_OBJECT_CONVERSION = YES_AGGRESSIVE;
				CLANG_CXX_LANGUAGE_STANDARD = "gnu++20";
				CLANG_ENABLE_MODULES = YES;
				CLANG_ENABLE_OBJC_ARC = YES;
				CLANG_ENABLE_OBJC_WEAK = YES;
				CLANG_WARN_BLOCK_CAPTURE_AUTORELEASING = YES;
				CLANG_WARN_BOOL_CONVERSION = YES;
				CLANG_WARN_COMMA = YES;
				CLANG_WARN_CONSTANT_CONVERSION = YES;
				CLANG_WARN_DEPRECATED_OBJC_IMPLEMENTATIONS = YES;
				CLANG_WARN_DIRECT_OBJC_ISA_USAGE = YES_ERROR;
				CLANG_WARN_DOCUMENTATION_COMMENTS = YES;
				CLANG_WARN_EMPTY_BODY = YES;
				CLANG_WARN_ENUM_CONVERSION = YES;
				CLANG_WARN_INFINITE_RECURSION = YES;
				CLANG_WARN_INT_CONVERSION = YES;
				CLANG_WARN_NON_LITERAL_NULL_CONVERSION = YES;
				CLANG_WARN_OBJC_IMPLICIT_RETAIN_SELF = YES;
				CLANG_WARN_OBJC_LITERAL_CONVERSION = YES;
				CLANG_WARN_OBJC_ROOT_CLASS = YES_ERROR;
				CLANG_WARN_QUOTED_INCLUDE_IN_FRAMEWORK_HEADER = YES;
				CLANG_WARN_RANGE_LOOP_ANALYSIS = YES;
				CLANG_WARN_STRICT_PROTOTYPES = YES;
				CLANG_WARN_SUSPICIOUS_MOVE = YES;
				CLANG_WARN_UNGUARDED_AVAILABILITY = YES_AGGRESSIVE;
				CLANG_WARN_UNREACHABLE_CODE = YES;
				CLANG_WARN__DUPLICATE_METHOD_MATCH = YES;
				COPY_PHASE_STRIP = NO;
				DEBUG_INFORMATION_FORMAT = dwarf;
				ENABLE_STRICT_OBJC_MSGSEND = YES;
				ENABLE_TESTABILITY = YES;
				GCC_C_LANGUAGE_STANDARD = gnu11;
				GCC_DYNAMIC_NO_PIC = NO;
				GCC_NO_COMMON_BLOCKS = YES;
				GCC_OPTIMIZATION_LEVEL = 0;
				GCC_PREPROCESSOR_DEFINITIONS = (
					"DEBUG=1",
					"$(inherited)",
				);
				GCC_WARN_64_TO_32_BIT_CONVERSION = YES;
				GCC_WARN_ABOUT_RETURN_TYPE = YES_ERROR;
				GCC_WARN_UNDECLARED_SELECTOR = YES;
				GCC_WARN_UNINITIALIZED_AUTOS = YES_AGGRESSIVE;
				GCC_WARN_UNUSED_FUNCTION = YES;
				GCC_WARN_UNUSED_VARIABLE = YES;
				MTL_ENABLE_DEBUG_INFO = INCLUDE_SOURCE;
				MTL_FAST_MATH = YES;
				ONLY_ACTIVE_ARCH = YES;
				SWIFT_ACTIVE_COMPILATION_CONDITIONS = DEBUG;
				SWIFT_OPTIMIZATION_LEVEL = "-Onone";
			};
			name = Debug;
		};
		659AC169292543B600C80873 /* Release */ = {
			isa = XCBuildConfiguration;
			buildSettings = {
				ALWAYS_SEARCH_USER_PATHS = NO;
				CLANG_ANALYZER_NONNULL = YES;
				CLANG_ANALYZER_NUMBER_OBJECT_CONVERSION = YES_AGGRESSIVE;
				CLANG_CXX_LANGUAGE_STANDARD = "gnu++20";
				CLANG_ENABLE_MODULES = YES;
				CLANG_ENABLE_OBJC_ARC = YES;
				CLANG_ENABLE_OBJC_WEAK = YES;
				CLANG_WARN_BLOCK_CAPTURE_AUTORELEASING = YES;
				CLANG_WARN_BOOL_CONVERSION = YES;
				CLANG_WARN_COMMA = YES;
				CLANG_WARN_CONSTANT_CONVERSION = YES;
				CLANG_WARN_DEPRECATED_OBJC_IMPLEMENTATIONS = YES;
				CLANG_WARN_DIRECT_OBJC_ISA_USAGE = YES_ERROR;
				CLANG_WARN_DOCUMENTATION_COMMENTS = YES;
				CLANG_WARN_EMPTY_BODY = YES;
				CLANG_WARN_ENUM_CONVERSION = YES;
				CLANG_WARN_INFINITE_RECURSION = YES;
				CLANG_WARN_INT_CONVERSION = YES;
				CLANG_WARN_NON_LITERAL_NULL_CONVERSION = YES;
				CLANG_WARN_OBJC_IMPLICIT_RETAIN_SELF = YES;
				CLANG_WARN_OBJC_LITERAL_CONVERSION = YES;
				CLANG_WARN_OBJC_ROOT_CLASS = YES_ERROR;
				CLANG_WARN_QUOTED_INCLUDE_IN_FRAMEWORK_HEADER = YES;
				CLANG_WARN_RANGE_LOOP_ANALYSIS = YES;
				CLANG_WARN_STRICT_PROTOTYPES = YES;
				CLANG_WARN_SUSPICIOUS_MOVE = YES;
				CLANG_WARN_UNGUARDED_AVAILABILITY = YES_AGGRESSIVE;
				CLANG_WARN_UNREACHABLE_CODE = YES;
				CLANG_WARN__DUPLICATE_METHOD_MATCH = YES;
				COPY_PHASE_STRIP = NO;
				DEBUG_INFORMATION_FORMAT = "dwarf-with-dsym";
				ENABLE_NS_ASSERTIONS = NO;
				ENABLE_STRICT_OBJC_MSGSEND = YES;
				GCC_C_LANGUAGE_STANDARD = gnu11;
				GCC_NO_COMMON_BLOCKS = YES;
				GCC_WARN_64_TO_32_BIT_CONVERSION = YES;
				GCC_WARN_ABOUT_RETURN_TYPE = YES_ERROR;
				GCC_WARN_UNDECLARED_SELECTOR = YES;
				GCC_WARN_UNINITIALIZED_AUTOS = YES_AGGRESSIVE;
				GCC_WARN_UNUSED_FUNCTION = YES;
				GCC_WARN_UNUSED_VARIABLE = YES;
				MTL_ENABLE_DEBUG_INFO = NO;
				MTL_FAST_MATH = YES;
				SWIFT_COMPILATION_MODE = wholemodule;
				SWIFT_OPTIMIZATION_LEVEL = "-O";
			};
			name = Release;
		};
		659AC16B292543B600C80873 /* Debug */ = {
			isa = XCBuildConfiguration;
			buildSettings = {
				CODE_SIGN_STYLE = Automatic;
				CURRENT_PROJECT_VERSION = 1;
				GENERATE_INFOPLIST_FILE = YES;
				INFOPLIST_FILE = "iOS (Extension)/Info.plist";
				INFOPLIST_KEY_CFBundleDisplayName = "MOCO Zeiterfassung Extension";
				INFOPLIST_KEY_NSHumanReadableCopyright = "";
				IPHONEOS_DEPLOYMENT_TARGET = 15.0;
				LD_RUNPATH_SEARCH_PATHS = (
					"$(inherited)",
					"@executable_path/Frameworks",
					"@executable_path/../../Frameworks",
				);
				MARKETING_VERSION = 1.0;
				OTHER_LDFLAGS = (
					"-framework",
					SafariServices,
				);
				PRODUCT_BUNDLE_IDENTIFIER = "com.yourCompany.MOCO-Zeiterfassung.Extension";
				PRODUCT_NAME = "MOCO Zeiterfassung Extension";
				SDKROOT = iphoneos;
				SKIP_INSTALL = YES;
				SWIFT_EMIT_LOC_STRINGS = YES;
				SWIFT_VERSION = 5.0;
				TARGETED_DEVICE_FAMILY = "1,2";
			};
			name = Debug;
		};
		659AC16C292543B600C80873 /* Release */ = {
			isa = XCBuildConfiguration;
			buildSettings = {
				CODE_SIGN_STYLE = Automatic;
				CURRENT_PROJECT_VERSION = 1;
				GENERATE_INFOPLIST_FILE = YES;
				INFOPLIST_FILE = "iOS (Extension)/Info.plist";
				INFOPLIST_KEY_CFBundleDisplayName = "MOCO Zeiterfassung Extension";
				INFOPLIST_KEY_NSHumanReadableCopyright = "";
				IPHONEOS_DEPLOYMENT_TARGET = 15.0;
				LD_RUNPATH_SEARCH_PATHS = (
					"$(inherited)",
					"@executable_path/Frameworks",
					"@executable_path/../../Frameworks",
				);
				MARKETING_VERSION = 1.0;
				OTHER_LDFLAGS = (
					"-framework",
					SafariServices,
				);
				PRODUCT_BUNDLE_IDENTIFIER = "com.yourCompany.MOCO-Zeiterfassung.Extension";
				PRODUCT_NAME = "MOCO Zeiterfassung Extension";
				SDKROOT = iphoneos;
				SKIP_INSTALL = YES;
				SWIFT_EMIT_LOC_STRINGS = YES;
				SWIFT_VERSION = 5.0;
				TARGETED_DEVICE_FAMILY = "1,2";
				VALIDATE_PRODUCT = YES;
			};
			name = Release;
		};
		659AC16F292543B600C80873 /* Debug */ = {
			isa = XCBuildConfiguration;
			buildSettings = {
				ALWAYS_EMBED_SWIFT_STANDARD_LIBRARIES = YES;
				ASSETCATALOG_COMPILER_APPICON_NAME = AppIcon;
				ASSETCATALOG_COMPILER_GLOBAL_ACCENT_COLOR_NAME = AccentColor;
				CODE_SIGN_STYLE = Automatic;
				CURRENT_PROJECT_VERSION = 1;
				GENERATE_INFOPLIST_FILE = YES;
				INFOPLIST_FILE = "iOS (App)/Info.plist";
				INFOPLIST_KEY_CFBundleDisplayName = "MOCO Zeiterfassung";
				INFOPLIST_KEY_UIApplicationSupportsIndirectInputEvents = YES;
				INFOPLIST_KEY_UILaunchStoryboardName = LaunchScreen;
				INFOPLIST_KEY_UIMainStoryboardFile = Main;
				INFOPLIST_KEY_UISupportedInterfaceOrientations = "UIInterfaceOrientationPortrait UIInterfaceOrientationLandscapeLeft UIInterfaceOrientationLandscapeRight";
				INFOPLIST_KEY_UISupportedInterfaceOrientations_iPad = "UIInterfaceOrientationPortrait UIInterfaceOrientationPortraitUpsideDown UIInterfaceOrientationLandscapeLeft UIInterfaceOrientationLandscapeRight";
				IPHONEOS_DEPLOYMENT_TARGET = 15.0;
				LD_RUNPATH_SEARCH_PATHS = (
					"$(inherited)",
					"@executable_path/Frameworks",
				);
				MARKETING_VERSION = 1.0;
				OTHER_LDFLAGS = (
					"-framework",
					SafariServices,
					"-framework",
					WebKit,
				);
				PRODUCT_BUNDLE_IDENTIFIER = "com.yourCompany.MOCO-Zeiterfassung";
				PRODUCT_NAME = "MOCO Zeiterfassung";
				SDKROOT = iphoneos;
				SWIFT_EMIT_LOC_STRINGS = YES;
				SWIFT_VERSION = 5.0;
				TARGETED_DEVICE_FAMILY = "1,2";
			};
			name = Debug;
		};
		659AC170292543B600C80873 /* Release */ = {
			isa = XCBuildConfiguration;
			buildSettings = {
				ALWAYS_EMBED_SWIFT_STANDARD_LIBRARIES = YES;
				ASSETCATALOG_COMPILER_APPICON_NAME = AppIcon;
				ASSETCATALOG_COMPILER_GLOBAL_ACCENT_COLOR_NAME = AccentColor;
				CODE_SIGN_STYLE = Automatic;
				CURRENT_PROJECT_VERSION = 1;
				GENERATE_INFOPLIST_FILE = YES;
				INFOPLIST_FILE = "iOS (App)/Info.plist";
				INFOPLIST_KEY_CFBundleDisplayName = "MOCO Zeiterfassung";
				INFOPLIST_KEY_UIApplicationSupportsIndirectInputEvents = YES;
				INFOPLIST_KEY_UILaunchStoryboardName = LaunchScreen;
				INFOPLIST_KEY_UIMainStoryboardFile = Main;
				INFOPLIST_KEY_UISupportedInterfaceOrientations = "UIInterfaceOrientationPortrait UIInterfaceOrientationLandscapeLeft UIInterfaceOrientationLandscapeRight";
				INFOPLIST_KEY_UISupportedInterfaceOrientations_iPad = "UIInterfaceOrientationPortrait UIInterfaceOrientationPortraitUpsideDown UIInterfaceOrientationLandscapeLeft UIInterfaceOrientationLandscapeRight";
				IPHONEOS_DEPLOYMENT_TARGET = 15.0;
				LD_RUNPATH_SEARCH_PATHS = (
					"$(inherited)",
					"@executable_path/Frameworks",
				);
				MARKETING_VERSION = 1.0;
				OTHER_LDFLAGS = (
					"-framework",
					SafariServices,
					"-framework",
					WebKit,
				);
				PRODUCT_BUNDLE_IDENTIFIER = "com.yourCompany.MOCO-Zeiterfassung";
				PRODUCT_NAME = "MOCO Zeiterfassung";
				SDKROOT = iphoneos;
				SWIFT_EMIT_LOC_STRINGS = YES;
				SWIFT_VERSION = 5.0;
				TARGETED_DEVICE_FAMILY = "1,2";
				VALIDATE_PRODUCT = YES;
			};
			name = Release;
		};
		659AC172292543B600C80873 /* Debug */ = {
			isa = XCBuildConfiguration;
			buildSettings = {
				CODE_SIGN_ENTITLEMENTS = "macOS (Extension)/MOCO Zeiterfassung.entitlements";
				CODE_SIGN_STYLE = Automatic;
				CURRENT_PROJECT_VERSION = 1;
				ENABLE_HARDENED_RUNTIME = YES;
				GENERATE_INFOPLIST_FILE = YES;
				INFOPLIST_FILE = "macOS (Extension)/Info.plist";
				INFOPLIST_KEY_CFBundleDisplayName = "MOCO Zeiterfassung Extension";
				INFOPLIST_KEY_NSHumanReadableCopyright = "";
				LD_RUNPATH_SEARCH_PATHS = (
					"$(inherited)",
					"@executable_path/../Frameworks",
					"@executable_path/../../../../Frameworks",
				);
				MACOSX_DEPLOYMENT_TARGET = 10.14;
				MARKETING_VERSION = 1.0;
				OTHER_LDFLAGS = (
					"-framework",
					SafariServices,
				);
				PRODUCT_BUNDLE_IDENTIFIER = "com.yourCompany.MOCO-Zeiterfassung.Extension";
				PRODUCT_NAME = "MOCO Zeiterfassung Extension";
				SDKROOT = macosx;
				SKIP_INSTALL = YES;
				SWIFT_EMIT_LOC_STRINGS = YES;
				SWIFT_VERSION = 5.0;
			};
			name = Debug;
		};
		659AC173292543B600C80873 /* Release */ = {
			isa = XCBuildConfiguration;
			buildSettings = {
				CODE_SIGN_ENTITLEMENTS = "macOS (Extension)/MOCO Zeiterfassung.entitlements";
				CODE_SIGN_STYLE = Automatic;
				CURRENT_PROJECT_VERSION = 1;
				ENABLE_HARDENED_RUNTIME = YES;
				GENERATE_INFOPLIST_FILE = YES;
				INFOPLIST_FILE = "macOS (Extension)/Info.plist";
				INFOPLIST_KEY_CFBundleDisplayName = "MOCO Zeiterfassung Extension";
				INFOPLIST_KEY_NSHumanReadableCopyright = "";
				LD_RUNPATH_SEARCH_PATHS = (
					"$(inherited)",
					"@executable_path/../Frameworks",
					"@executable_path/../../../../Frameworks",
				);
				MACOSX_DEPLOYMENT_TARGET = 10.14;
				MARKETING_VERSION = 1.0;
				OTHER_LDFLAGS = (
					"-framework",
					SafariServices,
				);
				PRODUCT_BUNDLE_IDENTIFIER = "com.yourCompany.MOCO-Zeiterfassung.Extension";
				PRODUCT_NAME = "MOCO Zeiterfassung Extension";
				SDKROOT = macosx;
				SKIP_INSTALL = YES;
				SWIFT_EMIT_LOC_STRINGS = YES;
				SWIFT_VERSION = 5.0;
			};
			name = Release;
		};
		659AC176292543B600C80873 /* Debug */ = {
			isa = XCBuildConfiguration;
			buildSettings = {
				ALWAYS_EMBED_SWIFT_STANDARD_LIBRARIES = YES;
				ASSETCATALOG_COMPILER_APPICON_NAME = AppIcon;
				ASSETCATALOG_COMPILER_GLOBAL_ACCENT_COLOR_NAME = AccentColor;
				CODE_SIGN_ENTITLEMENTS = "macOS (App)/MOCO Zeiterfassung.entitlements";
				CODE_SIGN_STYLE = Automatic;
				CURRENT_PROJECT_VERSION = 1;
				ENABLE_HARDENED_RUNTIME = YES;
				GENERATE_INFOPLIST_FILE = YES;
				INFOPLIST_FILE = "macOS (App)/Info.plist";
				INFOPLIST_KEY_CFBundleDisplayName = "MOCO Zeiterfassung";
				INFOPLIST_KEY_NSMainStoryboardFile = Main;
				INFOPLIST_KEY_NSPrincipalClass = NSApplication;
				LD_RUNPATH_SEARCH_PATHS = (
					"$(inherited)",
					"@executable_path/../Frameworks",
				);
				MACOSX_DEPLOYMENT_TARGET = 10.14;
				MARKETING_VERSION = 1.0;
				OTHER_LDFLAGS = (
					"-framework",
					SafariServices,
					"-framework",
					WebKit,
				);
				PRODUCT_BUNDLE_IDENTIFIER = "com.yourCompany.MOCO-Zeiterfassung";
				PRODUCT_NAME = "MOCO Zeiterfassung";
				SDKROOT = macosx;
				SWIFT_EMIT_LOC_STRINGS = YES;
				SWIFT_VERSION = 5.0;
			};
			name = Debug;
		};
		659AC177292543B600C80873 /* Release */ = {
			isa = XCBuildConfiguration;
			buildSettings = {
				ALWAYS_EMBED_SWIFT_STANDARD_LIBRARIES = YES;
				ASSETCATALOG_COMPILER_APPICON_NAME = AppIcon;
				ASSETCATALOG_COMPILER_GLOBAL_ACCENT_COLOR_NAME = AccentColor;
				CODE_SIGN_ENTITLEMENTS = "macOS (App)/MOCO Zeiterfassung.entitlements";
				CODE_SIGN_STYLE = Automatic;
				CURRENT_PROJECT_VERSION = 1;
				ENABLE_HARDENED_RUNTIME = YES;
				GENERATE_INFOPLIST_FILE = YES;
				INFOPLIST_FILE = "macOS (App)/Info.plist";
				INFOPLIST_KEY_CFBundleDisplayName = "MOCO Zeiterfassung";
				INFOPLIST_KEY_NSMainStoryboardFile = Main;
				INFOPLIST_KEY_NSPrincipalClass = NSApplication;
				LD_RUNPATH_SEARCH_PATHS = (
					"$(inherited)",
					"@executable_path/../Frameworks",
				);
				MACOSX_DEPLOYMENT_TARGET = 10.14;
				MARKETING_VERSION = 1.0;
				OTHER_LDFLAGS = (
					"-framework",
					SafariServices,
					"-framework",
					WebKit,
				);
				PRODUCT_BUNDLE_IDENTIFIER = "com.yourCompany.MOCO-Zeiterfassung";
				PRODUCT_NAME = "MOCO Zeiterfassung";
				SDKROOT = macosx;
				SWIFT_EMIT_LOC_STRINGS = YES;
				SWIFT_VERSION = 5.0;
			};
			name = Release;
		};
/* End XCBuildConfiguration section */

/* Begin XCConfigurationList section */
		659AC11A292543B400C80873 /* Build configuration list for PBXProject "MOCO Zeiterfassung" */ = {
			isa = XCConfigurationList;
			buildConfigurations = (
				659AC168292543B600C80873 /* Debug */,
				659AC169292543B600C80873 /* Release */,
			);
			defaultConfigurationIsVisible = 0;
			defaultConfigurationName = Release;
		};
		659AC16A292543B600C80873 /* Build configuration list for PBXNativeTarget "MOCO Zeiterfassung Extension (iOS)" */ = {
			isa = XCConfigurationList;
			buildConfigurations = (
				659AC16B292543B600C80873 /* Debug */,
				659AC16C292543B600C80873 /* Release */,
			);
			defaultConfigurationIsVisible = 0;
			defaultConfigurationName = Release;
		};
		659AC16E292543B600C80873 /* Build configuration list for PBXNativeTarget "MOCO Zeiterfassung (iOS)" */ = {
			isa = XCConfigurationList;
			buildConfigurations = (
				659AC16F292543B600C80873 /* Debug */,
				659AC170292543B600C80873 /* Release */,
			);
			defaultConfigurationIsVisible = 0;
			defaultConfigurationName = Release;
		};
		659AC171292543B600C80873 /* Build configuration list for PBXNativeTarget "MOCO Zeiterfassung Extension (macOS)" */ = {
			isa = XCConfigurationList;
			buildConfigurations = (
				659AC172292543B600C80873 /* Debug */,
				659AC173292543B600C80873 /* Release */,
			);
			defaultConfigurationIsVisible = 0;
			defaultConfigurationName = Release;
		};
		659AC175292543B600C80873 /* Build configuration list for PBXNativeTarget "MOCO Zeiterfassung (macOS)" */ = {
			isa = XCConfigurationList;
			buildConfigurations = (
				659AC176292543B600C80873 /* Debug */,
				659AC177292543B600C80873 /* Release */,
			);
			defaultConfigurationIsVisible = 0;
			defaultConfigurationName = Release;
		};
/* End XCConfigurationList section */
	};
	rootObject = 659AC117292543B400C80873 /* Project object */;
}
