// !$*UTF8*$!
{
	archiveVersion = 1;
	classes = {
	};
	objectVersion = 56;
	objects = {

/* Begin PBXBuildFile section */
		651841E7292B871000DB44B6 /* AppDelegate.swift in Sources */ = {isa = PBXBuildFile; fileRef = 651841E6292B871000DB44B6 /* AppDelegate.swift */; };
		651841EB292B871000DB44B6 /* Main.html in Resources */ = {isa = PBXBuildFile; fileRef = 651841E9292B871000DB44B6 /* Main.html */; };
		651841ED292B871000DB44B6 /* Icon.png in Resources */ = {isa = PBXBuildFile; fileRef = 651841EC292B871000DB44B6 /* Icon.png */; };
		651841EF292B871000DB44B6 /* Style.css in Resources */ = {isa = PBXBuildFile; fileRef = 651841EE292B871000DB44B6 /* Style.css */; };
		651841F1292B871000DB44B6 /* Script.js in Resources */ = {isa = PBXBuildFile; fileRef = 651841F0292B871000DB44B6 /* Script.js */; };
		651841F3292B871000DB44B6 /* ViewController.swift in Sources */ = {isa = PBXBuildFile; fileRef = 651841F2292B871000DB44B6 /* ViewController.swift */; };
		651841F6292B871000DB44B6 /* Main.storyboard in Resources */ = {isa = PBXBuildFile; fileRef = 651841F4292B871000DB44B6 /* Main.storyboard */; };
		651841F8292B871100DB44B6 /* Assets.xcassets in Resources */ = {isa = PBXBuildFile; fileRef = 651841F7292B871100DB44B6 /* Assets.xcassets */; };
		65184201292B871100DB44B6 /* mocoapp-safari-extension Extension.appex in Embed Foundation Extensions */ = {isa = PBXBuildFile; fileRef = 65184200292B871100DB44B6 /* mocoapp-safari-extension Extension.appex */; settings = {ATTRIBUTES = (RemoveHeadersOnCopy, ); }; };
		65184206292B871100DB44B6 /* SafariWebExtensionHandler.swift in Sources */ = {isa = PBXBuildFile; fileRef = 65184205292B871100DB44B6 /* SafariWebExtensionHandler.swift */; };
		65184224292B871100DB44B6 /* popup.2.0.2.js in Resources */ = {isa = PBXBuildFile; fileRef = 65184213292B871100DB44B6 /* popup.2.0.2.js */; };
		65184225292B871100DB44B6 /* content.css in Resources */ = {isa = PBXBuildFile; fileRef = 65184214292B871100DB44B6 /* content.css */; };
		65184226292B871100DB44B6 /* content.2.0.2.js.LICENSE.txt in Resources */ = {isa = PBXBuildFile; fileRef = 65184215292B871100DB44B6 /* content.2.0.2.js.LICENSE.txt */; };
		65184227292B871100DB44B6 /* popup.html in Resources */ = {isa = PBXBuildFile; fileRef = 65184216292B871100DB44B6 /* popup.html */; };
		65184228292B871100DB44B6 /* popup.2.0.2.js.LICENSE.txt in Resources */ = {isa = PBXBuildFile; fileRef = 65184217292B871100DB44B6 /* popup.2.0.2.js.LICENSE.txt */; };
		65184229292B871100DB44B6 /* background.2.0.2.js in Resources */ = {isa = PBXBuildFile; fileRef = 65184218292B871100DB44B6 /* background.2.0.2.js */; };
		6518422A292B871100DB44B6 /* background.2.0.2.js.LICENSE.txt in Resources */ = {isa = PBXBuildFile; fileRef = 65184219292B871100DB44B6 /* background.2.0.2.js.LICENSE.txt */; };
		6518422B292B871100DB44B6 /* content.2.0.2.js in Resources */ = {isa = PBXBuildFile; fileRef = 6518421A292B871100DB44B6 /* content.2.0.2.js */; };
		6518422C292B871100DB44B6 /* options.2.0.2.js in Resources */ = {isa = PBXBuildFile; fileRef = 6518421B292B871100DB44B6 /* options.2.0.2.js */; };
		6518422D292B871100DB44B6 /* options.2.0.2.js.LICENSE.txt in Resources */ = {isa = PBXBuildFile; fileRef = 6518421C292B871100DB44B6 /* options.2.0.2.js.LICENSE.txt */; };
		6518422E292B871100DB44B6 /* manifest.json in Resources */ = {isa = PBXBuildFile; fileRef = 6518421D292B871100DB44B6 /* manifest.json */; };
		6518422F292B871100DB44B6 /* options.html in Resources */ = {isa = PBXBuildFile; fileRef = 6518421E292B871100DB44B6 /* options.html */; };
		65184230292B871100DB44B6 /* background.html in Resources */ = {isa = PBXBuildFile; fileRef = 6518421F292B871100DB44B6 /* background.html */; };
		65184231292B871100DB44B6 /* popup.css in Resources */ = {isa = PBXBuildFile; fileRef = 65184220292B871100DB44B6 /* popup.css */; };
		65184232292B871100DB44B6 /* moco-bx-safari-v2.0.2.zip in Resources */ = {isa = PBXBuildFile; fileRef = 65184221292B871100DB44B6 /* moco-bx-safari-v2.0.2.zip */; };
		65184233292B871100DB44B6 /* options.css in Resources */ = {isa = PBXBuildFile; fileRef = 65184222292B871100DB44B6 /* options.css */; };
		65184234292B871100DB44B6 /* src in Resources */ = {isa = PBXBuildFile; fileRef = 65184223292B871100DB44B6 /* src */; };
/* End PBXBuildFile section */

/* Begin PBXContainerItemProxy section */
		65184202292B871100DB44B6 /* PBXContainerItemProxy */ = {
			isa = PBXContainerItemProxy;
			containerPortal = 651841DB292B871000DB44B6 /* Project object */;
			proxyType = 1;
			remoteGlobalIDString = 651841FF292B871100DB44B6;
			remoteInfo = "mocoapp-safari-extension Extension";
		};
/* End PBXContainerItemProxy section */

/* Begin PBXCopyFilesBuildPhase section */
		6518420E292B871100DB44B6 /* Embed Foundation Extensions */ = {
			isa = PBXCopyFilesBuildPhase;
			buildActionMask = 2147483647;
			dstPath = "";
			dstSubfolderSpec = 13;
			files = (
				65184201292B871100DB44B6 /* mocoapp-safari-extension Extension.appex in Embed Foundation Extensions */,
			);
			name = "Embed Foundation Extensions";
			runOnlyForDeploymentPostprocessing = 0;
		};
/* End PBXCopyFilesBuildPhase section */

/* Begin PBXFileReference section */
		651841E3292B871000DB44B6 /* mocoapp-safari-extension.app */ = {isa = PBXFileReference; explicitFileType = wrapper.application; includeInIndex = 0; path = "mocoapp-safari-extension.app"; sourceTree = BUILT_PRODUCTS_DIR; };
		651841E6292B871000DB44B6 /* AppDelegate.swift */ = {isa = PBXFileReference; lastKnownFileType = sourcecode.swift; path = AppDelegate.swift; sourceTree = "<group>"; };
		651841EA292B871000DB44B6 /* Base */ = {isa = PBXFileReference; lastKnownFileType = text.html; name = Base; path = ../Base.lproj/Main.html; sourceTree = "<group>"; };
		651841EC292B871000DB44B6 /* Icon.png */ = {isa = PBXFileReference; lastKnownFileType = image.png; path = Icon.png; sourceTree = "<group>"; };
		651841EE292B871000DB44B6 /* Style.css */ = {isa = PBXFileReference; lastKnownFileType = text.css; path = Style.css; sourceTree = "<group>"; };
		651841F0292B871000DB44B6 /* Script.js */ = {isa = PBXFileReference; lastKnownFileType = sourcecode.javascript; path = Script.js; sourceTree = "<group>"; };
		651841F2292B871000DB44B6 /* ViewController.swift */ = {isa = PBXFileReference; lastKnownFileType = sourcecode.swift; path = ViewController.swift; sourceTree = "<group>"; };
		651841F5292B871000DB44B6 /* Base */ = {isa = PBXFileReference; lastKnownFileType = file.storyboard; name = Base; path = Base.lproj/Main.storyboard; sourceTree = "<group>"; };
		651841F7292B871100DB44B6 /* Assets.xcassets */ = {isa = PBXFileReference; lastKnownFileType = folder.assetcatalog; path = Assets.xcassets; sourceTree = "<group>"; };
		651841F9292B871100DB44B6 /* Info.plist */ = {isa = PBXFileReference; lastKnownFileType = text.plist.xml; path = Info.plist; sourceTree = "<group>"; };
		651841FA292B871100DB44B6 /* mocoapp_safari_extension.entitlements */ = {isa = PBXFileReference; lastKnownFileType = text.plist.entitlements; path = mocoapp_safari_extension.entitlements; sourceTree = "<group>"; };
		651841FB292B871100DB44B6 /* mocoapp-safari-extension.entitlements */ = {isa = PBXFileReference; lastKnownFileType = text.plist.entitlements; path = "mocoapp-safari-extension.entitlements"; sourceTree = "<group>"; };
		65184200292B871100DB44B6 /* mocoapp-safari-extension Extension.appex */ = {isa = PBXFileReference; explicitFileType = "wrapper.app-extension"; includeInIndex = 0; path = "mocoapp-safari-extension Extension.appex"; sourceTree = BUILT_PRODUCTS_DIR; };
		65184205292B871100DB44B6 /* SafariWebExtensionHandler.swift */ = {isa = PBXFileReference; lastKnownFileType = sourcecode.swift; path = SafariWebExtensionHandler.swift; sourceTree = "<group>"; };
		65184207292B871100DB44B6 /* Info.plist */ = {isa = PBXFileReference; lastKnownFileType = text.plist.xml; path = Info.plist; sourceTree = "<group>"; };
		65184208292B871100DB44B6 /* mocoapp_safari_extension_Extension.entitlements */ = {isa = PBXFileReference; lastKnownFileType = text.plist.entitlements; path = mocoapp_safari_extension_Extension.entitlements; sourceTree = "<group>"; };
		65184213292B871100DB44B6 /* popup.2.0.2.js */ = {isa = PBXFileReference; lastKnownFileType = sourcecode.javascript; name = popup.2.0.2.js; path = ../../../../build/safari/popup.2.0.2.js; sourceTree = "<group>"; };
		65184214292B871100DB44B6 /* content.css */ = {isa = PBXFileReference; lastKnownFileType = text.css; name = content.css; path = ../../../../build/safari/content.css; sourceTree = "<group>"; };
		65184215292B871100DB44B6 /* content.2.0.2.js.LICENSE.txt */ = {isa = PBXFileReference; lastKnownFileType = text; name = content.2.0.2.js.LICENSE.txt; path = ../../../../build/safari/content.2.0.2.js.LICENSE.txt; sourceTree = "<group>"; };
		65184216292B871100DB44B6 /* popup.html */ = {isa = PBXFileReference; lastKnownFileType = text.html; name = popup.html; path = ../../../../build/safari/popup.html; sourceTree = "<group>"; };
		65184217292B871100DB44B6 /* popup.2.0.2.js.LICENSE.txt */ = {isa = PBXFileReference; lastKnownFileType = text; name = popup.2.0.2.js.LICENSE.txt; path = ../../../../build/safari/popup.2.0.2.js.LICENSE.txt; sourceTree = "<group>"; };
		65184218292B871100DB44B6 /* background.2.0.2.js */ = {isa = PBXFileReference; lastKnownFileType = sourcecode.javascript; name = background.2.0.2.js; path = ../../../../build/safari/background.2.0.2.js; sourceTree = "<group>"; };
		65184219292B871100DB44B6 /* background.2.0.2.js.LICENSE.txt */ = {isa = PBXFileReference; lastKnownFileType = text; name = background.2.0.2.js.LICENSE.txt; path = ../../../../build/safari/background.2.0.2.js.LICENSE.txt; sourceTree = "<group>"; };
		6518421A292B871100DB44B6 /* content.2.0.2.js */ = {isa = PBXFileReference; lastKnownFileType = sourcecode.javascript; name = content.2.0.2.js; path = ../../../../build/safari/content.2.0.2.js; sourceTree = "<group>"; };
		6518421B292B871100DB44B6 /* options.2.0.2.js */ = {isa = PBXFileReference; lastKnownFileType = sourcecode.javascript; name = options.2.0.2.js; path = ../../../../build/safari/options.2.0.2.js; sourceTree = "<group>"; };
		6518421C292B871100DB44B6 /* options.2.0.2.js.LICENSE.txt */ = {isa = PBXFileReference; lastKnownFileType = text; name = options.2.0.2.js.LICENSE.txt; path = ../../../../build/safari/options.2.0.2.js.LICENSE.txt; sourceTree = "<group>"; };
		6518421D292B871100DB44B6 /* manifest.json */ = {isa = PBXFileReference; lastKnownFileType = text.json; name = manifest.json; path = ../../../../build/safari/manifest.json; sourceTree = "<group>"; };
		6518421E292B871100DB44B6 /* options.html */ = {isa = PBXFileReference; lastKnownFileType = text.html; name = options.html; path = ../../../../build/safari/options.html; sourceTree = "<group>"; };
		6518421F292B871100DB44B6 /* background.html */ = {isa = PBXFileReference; lastKnownFileType = text.html; name = background.html; path = ../../../../build/safari/background.html; sourceTree = "<group>"; };
		65184220292B871100DB44B6 /* popup.css */ = {isa = PBXFileReference; lastKnownFileType = text.css; name = popup.css; path = ../../../../build/safari/popup.css; sourceTree = "<group>"; };
		65184221292B871100DB44B6 /* moco-bx-safari-v2.0.2.zip */ = {isa = PBXFileReference; lastKnownFileType = archive.zip; name = "moco-bx-safari-v2.0.2.zip"; path = "../../../../build/safari/moco-bx-safari-v2.0.2.zip"; sourceTree = "<group>"; };
		65184222292B871100DB44B6 /* options.css */ = {isa = PBXFileReference; lastKnownFileType = text.css; name = options.css; path = ../../../../build/safari/options.css; sourceTree = "<group>"; };
		65184223292B871100DB44B6 /* src */ = {isa = PBXFileReference; lastKnownFileType = folder; name = src; path = ../../../../build/safari/src; sourceTree = "<group>"; };
/* End PBXFileReference section */

/* Begin PBXFrameworksBuildPhase section */
		651841E0292B871000DB44B6 /* Frameworks */ = {
			isa = PBXFrameworksBuildPhase;
			buildActionMask = 2147483647;
			files = (
			);
			runOnlyForDeploymentPostprocessing = 0;
		};
		651841FD292B871100DB44B6 /* Frameworks */ = {
			isa = PBXFrameworksBuildPhase;
			buildActionMask = 2147483647;
			files = (
			);
			runOnlyForDeploymentPostprocessing = 0;
		};
/* End PBXFrameworksBuildPhase section */

/* Begin PBXGroup section */
		651841DA292B871000DB44B6 = {
			isa = PBXGroup;
			children = (
				651841E5292B871000DB44B6 /* mocoapp-safari-extension */,
				65184204292B871100DB44B6 /* mocoapp-safari-extension Extension */,
				651841E4292B871000DB44B6 /* Products */,
			);
			sourceTree = "<group>";
		};
		651841E4292B871000DB44B6 /* Products */ = {
			isa = PBXGroup;
			children = (
				651841E3292B871000DB44B6 /* mocoapp-safari-extension.app */,
				65184200292B871100DB44B6 /* mocoapp-safari-extension Extension.appex */,
			);
			name = Products;
			sourceTree = "<group>";
		};
		651841E5292B871000DB44B6 /* mocoapp-safari-extension */ = {
			isa = PBXGroup;
			children = (
				651841E6292B871000DB44B6 /* AppDelegate.swift */,
				651841F2292B871000DB44B6 /* ViewController.swift */,
				651841F4292B871000DB44B6 /* Main.storyboard */,
				651841F7292B871100DB44B6 /* Assets.xcassets */,
				651841F9292B871100DB44B6 /* Info.plist */,
				651841FA292B871100DB44B6 /* mocoapp_safari_extension.entitlements */,
				651841FB292B871100DB44B6 /* mocoapp-safari-extension.entitlements */,
				651841E8292B871000DB44B6 /* Resources */,
			);
			path = "mocoapp-safari-extension";
			sourceTree = "<group>";
		};
		651841E8292B871000DB44B6 /* Resources */ = {
			isa = PBXGroup;
			children = (
				651841E9292B871000DB44B6 /* Main.html */,
				651841EC292B871000DB44B6 /* Icon.png */,
				651841EE292B871000DB44B6 /* Style.css */,
				651841F0292B871000DB44B6 /* Script.js */,
			);
			path = Resources;
			sourceTree = "<group>";
		};
		65184204292B871100DB44B6 /* mocoapp-safari-extension Extension */ = {
			isa = PBXGroup;
			children = (
				65184212292B871100DB44B6 /* Resources */,
				65184205292B871100DB44B6 /* SafariWebExtensionHandler.swift */,
				65184207292B871100DB44B6 /* Info.plist */,
				65184208292B871100DB44B6 /* mocoapp_safari_extension_Extension.entitlements */,
			);
			path = "mocoapp-safari-extension Extension";
			sourceTree = "<group>";
		};
		65184212292B871100DB44B6 /* Resources */ = {
			isa = PBXGroup;
			children = (
				65184213292B871100DB44B6 /* popup.2.0.2.js */,
				65184214292B871100DB44B6 /* content.css */,
				65184215292B871100DB44B6 /* content.2.0.2.js.LICENSE.txt */,
				65184216292B871100DB44B6 /* popup.html */,
				65184217292B871100DB44B6 /* popup.2.0.2.js.LICENSE.txt */,
				65184218292B871100DB44B6 /* background.2.0.2.js */,
				65184219292B871100DB44B6 /* background.2.0.2.js.LICENSE.txt */,
				6518421A292B871100DB44B6 /* content.2.0.2.js */,
				6518421B292B871100DB44B6 /* options.2.0.2.js */,
				6518421C292B871100DB44B6 /* options.2.0.2.js.LICENSE.txt */,
				6518421D292B871100DB44B6 /* manifest.json */,
				6518421E292B871100DB44B6 /* options.html */,
				6518421F292B871100DB44B6 /* background.html */,
				65184220292B871100DB44B6 /* popup.css */,
				65184221292B871100DB44B6 /* moco-bx-safari-v2.0.2.zip */,
				65184222292B871100DB44B6 /* options.css */,
				65184223292B871100DB44B6 /* src */,
			);
			name = Resources;
			path = "mocoapp-safari-extension Extension";
			sourceTree = SOURCE_ROOT;
		};
/* End PBXGroup section */

/* Begin PBXNativeTarget section */
		651841E2292B871000DB44B6 /* mocoapp-safari-extension */ = {
			isa = PBXNativeTarget;
			buildConfigurationList = 6518420F292B871100DB44B6 /* Build configuration list for PBXNativeTarget "mocoapp-safari-extension" */;
			buildPhases = (
				651841DF292B871000DB44B6 /* Sources */,
				651841E0292B871000DB44B6 /* Frameworks */,
				651841E1292B871000DB44B6 /* Resources */,
				6518420E292B871100DB44B6 /* Embed Foundation Extensions */,
			);
			buildRules = (
			);
			dependencies = (
				65184203292B871100DB44B6 /* PBXTargetDependency */,
			);
			name = "mocoapp-safari-extension";
			productName = "mocoapp-safari-extension";
			productReference = 651841E3292B871000DB44B6 /* mocoapp-safari-extension.app */;
			productType = "com.apple.product-type.application";
		};
		651841FF292B871100DB44B6 /* mocoapp-safari-extension Extension */ = {
			isa = PBXNativeTarget;
			buildConfigurationList = 6518420B292B871100DB44B6 /* Build configuration list for PBXNativeTarget "mocoapp-safari-extension Extension" */;
			buildPhases = (
				651841FC292B871100DB44B6 /* Sources */,
				651841FD292B871100DB44B6 /* Frameworks */,
				651841FE292B871100DB44B6 /* Resources */,
			);
			buildRules = (
			);
			dependencies = (
			);
			name = "mocoapp-safari-extension Extension";
			productName = "mocoapp-safari-extension Extension";
			productReference = 65184200292B871100DB44B6 /* mocoapp-safari-extension Extension.appex */;
			productType = "com.apple.product-type.app-extension";
		};
/* End PBXNativeTarget section */

/* Begin PBXProject section */
		651841DB292B871000DB44B6 /* Project object */ = {
			isa = PBXProject;
			attributes = {
				BuildIndependentTargetsInParallel = 1;
				LastSwiftUpdateCheck = 1410;
				LastUpgradeCheck = 1410;
				TargetAttributes = {
					651841E2292B871000DB44B6 = {
						CreatedOnToolsVersion = 14.1;
					};
					651841FF292B871100DB44B6 = {
						CreatedOnToolsVersion = 14.1;
					};
				};
			};
			buildConfigurationList = 651841DE292B871000DB44B6 /* Build configuration list for PBXProject "mocoapp-safari-extension" */;
			compatibilityVersion = "Xcode 14.0";
			developmentRegion = en;
			hasScannedForEncodings = 0;
			knownRegions = (
				en,
				Base,
			);
			mainGroup = 651841DA292B871000DB44B6;
			productRefGroup = 651841E4292B871000DB44B6 /* Products */;
			projectDirPath = "";
			projectRoot = "";
			targets = (
				651841E2292B871000DB44B6 /* mocoapp-safari-extension */,
				651841FF292B871100DB44B6 /* mocoapp-safari-extension Extension */,
			);
		};
/* End PBXProject section */

/* Begin PBXResourcesBuildPhase section */
		651841E1292B871000DB44B6 /* Resources */ = {
			isa = PBXResourcesBuildPhase;
			buildActionMask = 2147483647;
			files = (
				651841ED292B871000DB44B6 /* Icon.png in Resources */,
				651841F6292B871000DB44B6 /* Main.storyboard in Resources */,
				651841F1292B871000DB44B6 /* Script.js in Resources */,
				651841EB292B871000DB44B6 /* Main.html in Resources */,
				651841F8292B871100DB44B6 /* Assets.xcassets in Resources */,
				651841EF292B871000DB44B6 /* Style.css in Resources */,
			);
			runOnlyForDeploymentPostprocessing = 0;
		};
		651841FE292B871100DB44B6 /* Resources */ = {
			isa = PBXResourcesBuildPhase;
			buildActionMask = 2147483647;
			files = (
				65184226292B871100DB44B6 /* content.2.0.2.js.LICENSE.txt in Resources */,
				65184227292B871100DB44B6 /* popup.html in Resources */,
				65184224292B871100DB44B6 /* popup.2.0.2.js in Resources */,
				65184225292B871100DB44B6 /* content.css in Resources */,
				6518422B292B871100DB44B6 /* content.2.0.2.js in Resources */,
				6518422E292B871100DB44B6 /* manifest.json in Resources */,
				65184234292B871100DB44B6 /* src in Resources */,
				65184229292B871100DB44B6 /* background.2.0.2.js in Resources */,
				65184228292B871100DB44B6 /* popup.2.0.2.js.LICENSE.txt in Resources */,
				65184231292B871100DB44B6 /* popup.css in Resources */,
				6518422A292B871100DB44B6 /* background.2.0.2.js.LICENSE.txt in Resources */,
				6518422D292B871100DB44B6 /* options.2.0.2.js.LICENSE.txt in Resources */,
				6518422C292B871100DB44B6 /* options.2.0.2.js in Resources */,
				65184232292B871100DB44B6 /* moco-bx-safari-v2.0.2.zip in Resources */,
				6518422F292B871100DB44B6 /* options.html in Resources */,
				65184233292B871100DB44B6 /* options.css in Resources */,
				65184230292B871100DB44B6 /* background.html in Resources */,
			);
			runOnlyForDeploymentPostprocessing = 0;
		};
/* End PBXResourcesBuildPhase section */

/* Begin PBXSourcesBuildPhase section */
		651841DF292B871000DB44B6 /* Sources */ = {
			isa = PBXSourcesBuildPhase;
			buildActionMask = 2147483647;
			files = (
				651841F3292B871000DB44B6 /* ViewController.swift in Sources */,
				651841E7292B871000DB44B6 /* AppDelegate.swift in Sources */,
			);
			runOnlyForDeploymentPostprocessing = 0;
		};
		651841FC292B871100DB44B6 /* Sources */ = {
			isa = PBXSourcesBuildPhase;
			buildActionMask = 2147483647;
			files = (
				65184206292B871100DB44B6 /* SafariWebExtensionHandler.swift in Sources */,
			);
			runOnlyForDeploymentPostprocessing = 0;
		};
/* End PBXSourcesBuildPhase section */

/* Begin PBXTargetDependency section */
		65184203292B871100DB44B6 /* PBXTargetDependency */ = {
			isa = PBXTargetDependency;
			target = 651841FF292B871100DB44B6 /* mocoapp-safari-extension Extension */;
			targetProxy = 65184202292B871100DB44B6 /* PBXContainerItemProxy */;
		};
/* End PBXTargetDependency section */

/* Begin PBXVariantGroup section */
		651841E9292B871000DB44B6 /* Main.html */ = {
			isa = PBXVariantGroup;
			children = (
				651841EA292B871000DB44B6 /* Base */,
			);
			name = Main.html;
			sourceTree = "<group>";
		};
		651841F4292B871000DB44B6 /* Main.storyboard */ = {
			isa = PBXVariantGroup;
			children = (
				651841F5292B871000DB44B6 /* Base */,
			);
			name = Main.storyboard;
			sourceTree = "<group>";
		};
/* End PBXVariantGroup section */

/* Begin XCBuildConfiguration section */
		65184209292B871100DB44B6 /* Debug */ = {
			isa = XCBuildConfiguration;
			buildSettings = {
				ALWAYS_SEARCH_USER_PATHS = NO;
				CLANG_ANALYZER_NONNULL = YES;
				CLANG_ANALYZER_NUMBER_OBJECT_CONVERSION = YES_AGGRESSIVE;
				CLANG_CXX_LANGUAGE_STANDARD = "gnu++20";
				CLANG_ENABLE_MODULES = YES;
				CLANG_ENABLE_OBJC_ARC = YES;
				CLANG_ENABLE_OBJC_WEAK = YES;
				CLANG_WARN_BLOCK_CAPTURE_AUTORELEASING = YES;
				CLANG_WARN_BOOL_CONVERSION = YES;
				CLANG_WARN_COMMA = YES;
				CLANG_WARN_CONSTANT_CONVERSION = YES;
				CLANG_WARN_DEPRECATED_OBJC_IMPLEMENTATIONS = YES;
				CLANG_WARN_DIRECT_OBJC_ISA_USAGE = YES_ERROR;
				CLANG_WARN_DOCUMENTATION_COMMENTS = YES;
				CLANG_WARN_EMPTY_BODY = YES;
				CLANG_WARN_ENUM_CONVERSION = YES;
				CLANG_WARN_INFINITE_RECURSION = YES;
				CLANG_WARN_INT_CONVERSION = YES;
				CLANG_WARN_NON_LITERAL_NULL_CONVERSION = YES;
				CLANG_WARN_OBJC_IMPLICIT_RETAIN_SELF = YES;
				CLANG_WARN_OBJC_LITERAL_CONVERSION = YES;
				CLANG_WARN_OBJC_ROOT_CLASS = YES_ERROR;
				CLANG_WARN_QUOTED_INCLUDE_IN_FRAMEWORK_HEADER = YES;
				CLANG_WARN_RANGE_LOOP_ANALYSIS = YES;
				CLANG_WARN_STRICT_PROTOTYPES = YES;
				CLANG_WARN_SUSPICIOUS_MOVE = YES;
				CLANG_WARN_UNGUARDED_AVAILABILITY = YES_AGGRESSIVE;
				CLANG_WARN_UNREACHABLE_CODE = YES;
				CLANG_WARN__DUPLICATE_METHOD_MATCH = YES;
				COPY_PHASE_STRIP = NO;
				DEBUG_INFORMATION_FORMAT = dwarf;
				ENABLE_STRICT_OBJC_MSGSEND = YES;
				ENABLE_TESTABILITY = YES;
				GCC_C_LANGUAGE_STANDARD = gnu11;
				GCC_DYNAMIC_NO_PIC = NO;
				GCC_NO_COMMON_BLOCKS = YES;
				GCC_OPTIMIZATION_LEVEL = 0;
				GCC_PREPROCESSOR_DEFINITIONS = (
					"DEBUG=1",
					"$(inherited)",
				);
				GCC_WARN_64_TO_32_BIT_CONVERSION = YES;
				GCC_WARN_ABOUT_RETURN_TYPE = YES_ERROR;
				GCC_WARN_UNDECLARED_SELECTOR = YES;
				GCC_WARN_UNINITIALIZED_AUTOS = YES_AGGRESSIVE;
				GCC_WARN_UNUSED_FUNCTION = YES;
				GCC_WARN_UNUSED_VARIABLE = YES;
				MACOSX_DEPLOYMENT_TARGET = 13.0;
				MTL_ENABLE_DEBUG_INFO = INCLUDE_SOURCE;
				MTL_FAST_MATH = YES;
				ONLY_ACTIVE_ARCH = YES;
				SDKROOT = macosx;
				SWIFT_ACTIVE_COMPILATION_CONDITIONS = DEBUG;
				SWIFT_OPTIMIZATION_LEVEL = "-Onone";
			};
			name = Debug;
		};
		6518420A292B871100DB44B6 /* Release */ = {
			isa = XCBuildConfiguration;
			buildSettings = {
				ALWAYS_SEARCH_USER_PATHS = NO;
				CLANG_ANALYZER_NONNULL = YES;
				CLANG_ANALYZER_NUMBER_OBJECT_CONVERSION = YES_AGGRESSIVE;
				CLANG_CXX_LANGUAGE_STANDARD = "gnu++20";
				CLANG_ENABLE_MODULES = YES;
				CLANG_ENABLE_OBJC_ARC = YES;
				CLANG_ENABLE_OBJC_WEAK = YES;
				CLANG_WARN_BLOCK_CAPTURE_AUTORELEASING = YES;
				CLANG_WARN_BOOL_CONVERSION = YES;
				CLANG_WARN_COMMA = YES;
				CLANG_WARN_CONSTANT_CONVERSION = YES;
				CLANG_WARN_DEPRECATED_OBJC_IMPLEMENTATIONS = YES;
				CLANG_WARN_DIRECT_OBJC_ISA_USAGE = YES_ERROR;
				CLANG_WARN_DOCUMENTATION_COMMENTS = YES;
				CLANG_WARN_EMPTY_BODY = YES;
				CLANG_WARN_ENUM_CONVERSION = YES;
				CLANG_WARN_INFINITE_RECURSION = YES;
				CLANG_WARN_INT_CONVERSION = YES;
				CLANG_WARN_NON_LITERAL_NULL_CONVERSION = YES;
				CLANG_WARN_OBJC_IMPLICIT_RETAIN_SELF = YES;
				CLANG_WARN_OBJC_LITERAL_CONVERSION = YES;
				CLANG_WARN_OBJC_ROOT_CLASS = YES_ERROR;
				CLANG_WARN_QUOTED_INCLUDE_IN_FRAMEWORK_HEADER = YES;
				CLANG_WARN_RANGE_LOOP_ANALYSIS = YES;
				CLANG_WARN_STRICT_PROTOTYPES = YES;
				CLANG_WARN_SUSPICIOUS_MOVE = YES;
				CLANG_WARN_UNGUARDED_AVAILABILITY = YES_AGGRESSIVE;
				CLANG_WARN_UNREACHABLE_CODE = YES;
				CLANG_WARN__DUPLICATE_METHOD_MATCH = YES;
				COPY_PHASE_STRIP = NO;
				DEBUG_INFORMATION_FORMAT = "dwarf-with-dsym";
				ENABLE_NS_ASSERTIONS = NO;
				ENABLE_STRICT_OBJC_MSGSEND = YES;
				GCC_C_LANGUAGE_STANDARD = gnu11;
				GCC_NO_COMMON_BLOCKS = YES;
				GCC_WARN_64_TO_32_BIT_CONVERSION = YES;
				GCC_WARN_ABOUT_RETURN_TYPE = YES_ERROR;
				GCC_WARN_UNDECLARED_SELECTOR = YES;
				GCC_WARN_UNINITIALIZED_AUTOS = YES_AGGRESSIVE;
				GCC_WARN_UNUSED_FUNCTION = YES;
				GCC_WARN_UNUSED_VARIABLE = YES;
				MACOSX_DEPLOYMENT_TARGET = 13.0;
				MTL_ENABLE_DEBUG_INFO = NO;
				MTL_FAST_MATH = YES;
				SDKROOT = macosx;
				SWIFT_COMPILATION_MODE = wholemodule;
				SWIFT_OPTIMIZATION_LEVEL = "-O";
			};
			name = Release;
		};
		6518420C292B871100DB44B6 /* Debug */ = {
			isa = XCBuildConfiguration;
			buildSettings = {
				CODE_SIGN_ENTITLEMENTS = "mocoapp-safari-extension Extension/mocoapp_safari_extension_Extension.entitlements";
				CODE_SIGN_STYLE = Automatic;
				CURRENT_PROJECT_VERSION = 1;
				ENABLE_HARDENED_RUNTIME = YES;
				GENERATE_INFOPLIST_FILE = YES;
				INFOPLIST_FILE = "mocoapp-safari-extension Extension/Info.plist";
				INFOPLIST_KEY_CFBundleDisplayName = "mocoapp-safari-extension Extension";
				INFOPLIST_KEY_NSHumanReadableCopyright = "";
				LD_RUNPATH_SEARCH_PATHS = (
					"$(inherited)",
					"@executable_path/../Frameworks",
					"@executable_path/../../../../Frameworks",
				);
				MACOSX_DEPLOYMENT_TARGET = 10.14;
				MARKETING_VERSION = 1.0;
				OTHER_LDFLAGS = (
					"-framework",
					SafariServices,
				);
				PRODUCT_BUNDLE_IDENTIFIER = "com.yourCompany.mocoapp-safari-extension.Extension";
				PRODUCT_NAME = "$(TARGET_NAME)";
				SKIP_INSTALL = YES;
				SWIFT_EMIT_LOC_STRINGS = YES;
				SWIFT_VERSION = 5.0;
			};
			name = Debug;
		};
		6518420D292B871100DB44B6 /* Release */ = {
			isa = XCBuildConfiguration;
			buildSettings = {
				CODE_SIGN_ENTITLEMENTS = "mocoapp-safari-extension Extension/mocoapp_safari_extension_Extension.entitlements";
				CODE_SIGN_STYLE = Automatic;
				CURRENT_PROJECT_VERSION = 1;
				ENABLE_HARDENED_RUNTIME = YES;
				GENERATE_INFOPLIST_FILE = YES;
				INFOPLIST_FILE = "mocoapp-safari-extension Extension/Info.plist";
				INFOPLIST_KEY_CFBundleDisplayName = "mocoapp-safari-extension Extension";
				INFOPLIST_KEY_NSHumanReadableCopyright = "";
				LD_RUNPATH_SEARCH_PATHS = (
					"$(inherited)",
					"@executable_path/../Frameworks",
					"@executable_path/../../../../Frameworks",
				);
				MACOSX_DEPLOYMENT_TARGET = 10.14;
				MARKETING_VERSION = 1.0;
				OTHER_LDFLAGS = (
					"-framework",
					SafariServices,
				);
				PRODUCT_BUNDLE_IDENTIFIER = "com.yourCompany.mocoapp-safari-extension.Extension";
				PRODUCT_NAME = "$(TARGET_NAME)";
				SKIP_INSTALL = YES;
				SWIFT_EMIT_LOC_STRINGS = YES;
				SWIFT_VERSION = 5.0;
			};
			name = Release;
		};
		65184210292B871100DB44B6 /* Debug */ = {
			isa = XCBuildConfiguration;
			buildSettings = {
				ALWAYS_EMBED_SWIFT_STANDARD_LIBRARIES = YES;
				ASSETCATALOG_COMPILER_APPICON_NAME = AppIcon;
				ASSETCATALOG_COMPILER_GLOBAL_ACCENT_COLOR_NAME = AccentColor;
				CODE_SIGN_ENTITLEMENTS = "mocoapp-safari-extension/mocoapp-safari-extension.entitlements";
				CODE_SIGN_STYLE = Automatic;
				COMBINE_HIDPI_IMAGES = YES;
				CURRENT_PROJECT_VERSION = 1;
				ENABLE_HARDENED_RUNTIME = YES;
				GENERATE_INFOPLIST_FILE = YES;
				INFOPLIST_FILE = "mocoapp-safari-extension/Info.plist";
				INFOPLIST_KEY_CFBundleDisplayName = "mocoapp-safari-extension";
				INFOPLIST_KEY_NSHumanReadableCopyright = "";
				INFOPLIST_KEY_NSMainStoryboardFile = Main;
				INFOPLIST_KEY_NSPrincipalClass = NSApplication;
				LD_RUNPATH_SEARCH_PATHS = (
					"$(inherited)",
					"@executable_path/../Frameworks",
				);
				MACOSX_DEPLOYMENT_TARGET = 10.14;
				MARKETING_VERSION = 1.0;
				OTHER_LDFLAGS = (
					"-framework",
					SafariServices,
					"-framework",
					WebKit,
				);
				PRODUCT_BUNDLE_IDENTIFIER = "com.yourCompany.mocoapp-safari-extension";
				PRODUCT_NAME = "$(TARGET_NAME)";
				SWIFT_EMIT_LOC_STRINGS = YES;
				SWIFT_VERSION = 5.0;
			};
			name = Debug;
		};
		65184211292B871100DB44B6 /* Release */ = {
			isa = XCBuildConfiguration;
			buildSettings = {
				ALWAYS_EMBED_SWIFT_STANDARD_LIBRARIES = YES;
				ASSETCATALOG_COMPILER_APPICON_NAME = AppIcon;
				ASSETCATALOG_COMPILER_GLOBAL_ACCENT_COLOR_NAME = AccentColor;
				CODE_SIGN_ENTITLEMENTS = "mocoapp-safari-extension/mocoapp-safari-extension.entitlements";
				CODE_SIGN_STYLE = Automatic;
				COMBINE_HIDPI_IMAGES = YES;
				CURRENT_PROJECT_VERSION = 1;
				ENABLE_HARDENED_RUNTIME = YES;
				GENERATE_INFOPLIST_FILE = YES;
				INFOPLIST_FILE = "mocoapp-safari-extension/Info.plist";
				INFOPLIST_KEY_CFBundleDisplayName = "mocoapp-safari-extension";
				INFOPLIST_KEY_NSHumanReadableCopyright = "";
				INFOPLIST_KEY_NSMainStoryboardFile = Main;
				INFOPLIST_KEY_NSPrincipalClass = NSApplication;
				LD_RUNPATH_SEARCH_PATHS = (
					"$(inherited)",
					"@executable_path/../Frameworks",
				);
				MACOSX_DEPLOYMENT_TARGET = 10.14;
				MARKETING_VERSION = 1.0;
				OTHER_LDFLAGS = (
					"-framework",
					SafariServices,
					"-framework",
					WebKit,
				);
				PRODUCT_BUNDLE_IDENTIFIER = "com.yourCompany.mocoapp-safari-extension";
				PRODUCT_NAME = "$(TARGET_NAME)";
				SWIFT_EMIT_LOC_STRINGS = YES;
				SWIFT_VERSION = 5.0;
			};
			name = Release;
		};
/* End XCBuildConfiguration section */

/* Begin XCConfigurationList section */
		651841DE292B871000DB44B6 /* Build configuration list for PBXProject "mocoapp-safari-extension" */ = {
			isa = XCConfigurationList;
			buildConfigurations = (
				65184209292B871100DB44B6 /* Debug */,
				6518420A292B871100DB44B6 /* Release */,
			);
			defaultConfigurationIsVisible = 0;
			defaultConfigurationName = Release;
		};
		6518420B292B871100DB44B6 /* Build configuration list for PBXNativeTarget "mocoapp-safari-extension Extension" */ = {
			isa = XCConfigurationList;
			buildConfigurations = (
				6518420C292B871100DB44B6 /* Debug */,
				6518420D292B871100DB44B6 /* Release */,
			);
			defaultConfigurationIsVisible = 0;
			defaultConfigurationName = Release;
		};
		6518420F292B871100DB44B6 /* Build configuration list for PBXNativeTarget "mocoapp-safari-extension" */ = {
			isa = XCConfigurationList;
			buildConfigurations = (
				65184210292B871100DB44B6 /* Debug */,
				65184211292B871100DB44B6 /* Release */,
			);
			defaultConfigurationIsVisible = 0;
			defaultConfigurationName = Release;
		};
/* End XCConfigurationList section */
	};
	rootObject = 651841DB292B871000DB44B6 /* Project object */;
}
